// !$*UTF8*$!
{
	archiveVersion = 1;
	classes = {
	};
	objectVersion = 51;
	objects = {

/* Begin PBXBuildFile section */
		7707A46B26E9EAAB00329CB0 /* NewCompanyDetailViewController+BarButtonItem.swift in Sources */ = {isa = PBXBuildFile; fileRef = 7707A46A26E9EAAB00329CB0 /* NewCompanyDetailViewController+BarButtonItem.swift */; };
		7707A46E26E9EBDC00329CB0 /* Configuration.swift in Sources */ = {isa = PBXBuildFile; fileRef = 7707A46D26E9EBDC00329CB0 /* Configuration.swift */; };
		770B22AF26EB8D6400731C58 /* NewADTVMarker.swift in Sources */ = {isa = PBXBuildFile; fileRef = 770B22AE26EB8D6400731C58 /* NewADTVMarker.swift */; };
		771263C626A95CAC00B57C04 /* SearchViewController.swift in Sources */ = {isa = PBXBuildFile; fileRef = 771263C526A95CAC00B57C04 /* SearchViewController.swift */; };
		771263CC26A97EED00B57C04 /* SearchResultTableViewController.swift in Sources */ = {isa = PBXBuildFile; fileRef = 771263CB26A97EED00B57C04 /* SearchResultTableViewController.swift */; };
		771D16AE263989C10034193A /* AppVersion.swift in Sources */ = {isa = PBXBuildFile; fileRef = 771D16AD263989C10034193A /* AppVersion.swift */; };
		771E328126D6525E002CC604 /* AcknowledgementsViewController.swift in Sources */ = {isa = PBXBuildFile; fileRef = 771E328026D6525E002CC604 /* AcknowledgementsViewController.swift */; };
		7720570626DE6E8300063A9A /* NewCompanyDetailViewController.swift in Sources */ = {isa = PBXBuildFile; fileRef = 7720570526DE6E8300063A9A /* NewCompanyDetailViewController.swift */; };
		772845A926E613210003F13E /* NewsViewModel.swift in Sources */ = {isa = PBXBuildFile; fileRef = 772845A826E613210003F13E /* NewsViewModel.swift */; };
		772845AB26E615FA0003F13E /* DetailViewNewsURLs.swift in Sources */ = {isa = PBXBuildFile; fileRef = 772845AA26E615FA0003F13E /* DetailViewNewsURLs.swift */; };
		7728847B265B962F001C0D4F /* FeedsViewModel.swift in Sources */ = {isa = PBXBuildFile; fileRef = 7728847A265B962F001C0D4F /* FeedsViewModel.swift */; };
		772A747526DF93890088A604 /* HeaderCardController.swift in Sources */ = {isa = PBXBuildFile; fileRef = 772A747426DF93890088A604 /* HeaderCardController.swift */; };
		772C3F6A2627457C0044001B /* UITableViewExtension.swift in Sources */ = {isa = PBXBuildFile; fileRef = 772C3F692627457C0044001B /* UITableViewExtension.swift */; };
		772E63DE26E224AF00EA9FB0 /* NewSearchConstant.swift in Sources */ = {isa = PBXBuildFile; fileRef = 772E63DD26E224AF00EA9FB0 /* NewSearchConstant.swift */; };
		773131BA26DCEC710068AAD8 /* SearchV2ViewController.swift in Sources */ = {isa = PBXBuildFile; fileRef = 773131B926DCEC710068AAD8 /* SearchV2ViewController.swift */; };
		773131BC26DCF87B0068AAD8 /* SearchResultV2TableViewController.swift in Sources */ = {isa = PBXBuildFile; fileRef = 773131BB26DCF87B0068AAD8 /* SearchResultV2TableViewController.swift */; };
		773131BF26DCFE5D0068AAD8 /* SearchV2ResultCell.swift in Sources */ = {isa = PBXBuildFile; fileRef = 773131BE26DCFE5D0068AAD8 /* SearchV2ResultCell.swift */; };
		773A0B6326171238002B9875 /* AppDelegate.swift in Sources */ = {isa = PBXBuildFile; fileRef = 773A0B6226171238002B9875 /* AppDelegate.swift */; };
		773A0B6526171238002B9875 /* SceneDelegate.swift in Sources */ = {isa = PBXBuildFile; fileRef = 773A0B6426171238002B9875 /* SceneDelegate.swift */; };
		773A0B6C2617123B002B9875 /* Assets.xcassets in Resources */ = {isa = PBXBuildFile; fileRef = 773A0B6B2617123B002B9875 /* Assets.xcassets */; };
		773A0B6F2617123B002B9875 /* LaunchScreen.storyboard in Resources */ = {isa = PBXBuildFile; fileRef = 773A0B6D2617123B002B9875 /* LaunchScreen.storyboard */; };
		773A0BA726172670002B9875 /* APIFunctions.swift in Sources */ = {isa = PBXBuildFile; fileRef = 773A0BA626172670002B9875 /* APIFunctions.swift */; };
		773A0BAA26172690002B9875 /* Company.swift in Sources */ = {isa = PBXBuildFile; fileRef = 773A0BA926172690002B9875 /* Company.swift */; };
		773A0BAD261726B2002B9875 /* CompanyDetail.swift in Sources */ = {isa = PBXBuildFile; fileRef = 773A0BAC261726B2002B9875 /* CompanyDetail.swift */; };
		773A0BB0261726C7002B9875 /* CompanyTrading.swift in Sources */ = {isa = PBXBuildFile; fileRef = 773A0BAF261726C7002B9875 /* CompanyTrading.swift */; };
		773A0BB3261726E6002B9875 /* CompanyAdtv20.swift in Sources */ = {isa = PBXBuildFile; fileRef = 773A0BB2261726E6002B9875 /* CompanyAdtv20.swift */; };
		773A0BBA26172872002B9875 /* Constants.swift in Sources */ = {isa = PBXBuildFile; fileRef = 773A0BB926172872002B9875 /* Constants.swift */; };
		773A0BCB26176C8F002B9875 /* Currency.swift in Sources */ = {isa = PBXBuildFile; fileRef = 773A0BCA26176C8F002B9875 /* Currency.swift */; };
		773A86F0263C34A9008105A1 /* PrivacyPolicyViewController.swift in Sources */ = {isa = PBXBuildFile; fileRef = 773A86EF263C34A9008105A1 /* PrivacyPolicyViewController.swift */; };
		77420217264AA033002F6104 /* UIScrollView+EmptyDataSet.m in Sources */ = {isa = PBXBuildFile; fileRef = 77420216264AA033002F6104 /* UIScrollView+EmptyDataSet.m */; };
		7748987A26E0C229000933A6 /* TemplateCardController.swift in Sources */ = {isa = PBXBuildFile; fileRef = 7748987926E0C229000933A6 /* TemplateCardController.swift */; };
		7748987C26E0C396000933A6 /* NewPriceChartCardController.swift in Sources */ = {isa = PBXBuildFile; fileRef = 7748987B26E0C396000933A6 /* NewPriceChartCardController.swift */; };
		7748987E26E0C3E7000933A6 /* NewPriceChartCardPartView.swift in Sources */ = {isa = PBXBuildFile; fileRef = 7748987D26E0C3E7000933A6 /* NewPriceChartCardPartView.swift */; };
		7748988126E0CF9B000933A6 /* SearchAPIFunction.swift in Sources */ = {isa = PBXBuildFile; fileRef = 7748988026E0CF9B000933A6 /* SearchAPIFunction.swift */; };
		7748988326E0D598000933A6 /* DetailViewAPIFunction.swift in Sources */ = {isa = PBXBuildFile; fileRef = 7748988226E0D598000933A6 /* DetailViewAPIFunction.swift */; };
		7748988526E0E235000933A6 /* NewADTVChartCardPartView.swift in Sources */ = {isa = PBXBuildFile; fileRef = 7748988426E0E235000933A6 /* NewADTVChartCardPartView.swift */; };
		7748988726E0E454000933A6 /* NewADTVChartCardController.swift in Sources */ = {isa = PBXBuildFile; fileRef = 7748988626E0E454000933A6 /* NewADTVChartCardController.swift */; };
		774DB74C2623144900A92D13 /* RiverFort.xcdatamodeld in Sources */ = {isa = PBXBuildFile; fileRef = 774DB74A2623144900A92D13 /* RiverFort.xcdatamodeld */; };
		775DFDA72645440E00D9A4AF /* QuotesCardController.swift in Sources */ = {isa = PBXBuildFile; fileRef = 775DFDA62645440E00D9A4AF /* QuotesCardController.swift */; };
		775DFDA92645849400D9A4AF /* Quote.swift in Sources */ = {isa = PBXBuildFile; fileRef = 775DFDA82645849400D9A4AF /* Quote.swift */; };
		7760164926B984C100BA7C41 /* WatchedCompanyDetail.swift in Sources */ = {isa = PBXBuildFile; fileRef = 7760164826B984C100BA7C41 /* WatchedCompanyDetail.swift */; };
		7760164C26B98E9700BA7C41 /* WatchlistConstant.swift in Sources */ = {isa = PBXBuildFile; fileRef = 7760164B26B98E9700BA7C41 /* WatchlistConstant.swift */; };
		7762C77226BAE258008DE1BA /* NumberShortScale.swift in Sources */ = {isa = PBXBuildFile; fileRef = 7762C77126BAE258008DE1BA /* NumberShortScale.swift */; };
		7765434226EF3C3800E91C25 /* YahooFinance.swift in Sources */ = {isa = PBXBuildFile; fileRef = 7765434126EF3C3800E91C25 /* YahooFinance.swift */; };
		7765434426EF3C5700E91C25 /* FMP.swift in Sources */ = {isa = PBXBuildFile; fileRef = 7765434326EF3C5700E91C25 /* FMP.swift */; };
		776A913526E3B5E50012D0D5 /* NewProfileCardController.swift in Sources */ = {isa = PBXBuildFile; fileRef = 776A913426E3B5E50012D0D5 /* NewProfileCardController.swift */; };
		776D13C3261E087500B9CF97 /* HomeViewController.swift in Sources */ = {isa = PBXBuildFile; fileRef = 776D13C2261E087500B9CF97 /* HomeViewController.swift */; };
		776F657A26BBDB6400CAA5A6 /* WindowInterfaceOrientation.swift in Sources */ = {isa = PBXBuildFile; fileRef = 776F657926BBDB6400CAA5A6 /* WindowInterfaceOrientation.swift */; };
		776F657C26BBEF2D00CAA5A6 /* EditWatchlistViewController.swift in Sources */ = {isa = PBXBuildFile; fileRef = 776F657B26BBEF2D00CAA5A6 /* EditWatchlistViewController.swift */; };
		776F657E26BBF15900CAA5A6 /* EditWatchlistTableView.swift in Sources */ = {isa = PBXBuildFile; fileRef = 776F657D26BBF15900CAA5A6 /* EditWatchlistTableView.swift */; };
		776F658126BBFF7900CAA5A6 /* PersistentContainer.swift in Sources */ = {isa = PBXBuildFile; fileRef = 776F658026BBFF7900CAA5A6 /* PersistentContainer.swift */; };
		776F658526BC36C600CAA5A6 /* SettingsViewController.swift in Sources */ = {isa = PBXBuildFile; fileRef = 776F658426BC36C600CAA5A6 /* SettingsViewController.swift */; };
		7774DBED264BF451002752B4 /* NewSymbolRequest.swift in Sources */ = {isa = PBXBuildFile; fileRef = 7774DBEC264BF451002752B4 /* NewSymbolRequest.swift */; };
		77814CD426469CE3008C832C /* ADTVCardController.swift in Sources */ = {isa = PBXBuildFile; fileRef = 77814CD326469CE3008C832C /* ADTVCardController.swift */; };
		77814CD626469D6B008C832C /* ADTV.swift in Sources */ = {isa = PBXBuildFile; fileRef = 77814CD526469D6B008C832C /* ADTV.swift */; };
		7785D7842630142600988C28 /* WatchedCompany+CoreDataClass.swift in Sources */ = {isa = PBXBuildFile; fileRef = 7785D7822630142600988C28 /* WatchedCompany+CoreDataClass.swift */; };
		7785D7852630142600988C28 /* WatchedCompany+CoreDataProperties.swift in Sources */ = {isa = PBXBuildFile; fileRef = 7785D7832630142600988C28 /* WatchedCompany+CoreDataProperties.swift */; };
		7785EF2B26AAA22300AEB5FE /* FMPStockTickerSearch.swift in Sources */ = {isa = PBXBuildFile; fileRef = 7785EF2A26AAA22300AEB5FE /* FMPStockTickerSearch.swift */; };
		7785EF2D26AAA24500AEB5FE /* SearchResultCell.swift in Sources */ = {isa = PBXBuildFile; fileRef = 7785EF2C26AAA24500AEB5FE /* SearchResultCell.swift */; };
		77876E90264D484700798106 /* FeedsCardController.swift in Sources */ = {isa = PBXBuildFile; fileRef = 77876E8F264D484700798106 /* FeedsCardController.swift */; };
		77876E92264D5CA400798106 /* NSRegularExpressionExtension.swift in Sources */ = {isa = PBXBuildFile; fileRef = 77876E91264D5CA400798106 /* NSRegularExpressionExtension.swift */; };
		77876E94264D5D6700798106 /* Regex.swift in Sources */ = {isa = PBXBuildFile; fileRef = 77876E93264D5D6700798106 /* Regex.swift */; };
		77876E96264D5FE700798106 /* StringExtension.swift in Sources */ = {isa = PBXBuildFile; fileRef = 77876E95264D5FE700798106 /* StringExtension.swift */; };
		77876E98264D69B300798106 /* RSSFeedParser.swift in Sources */ = {isa = PBXBuildFile; fileRef = 77876E97264D69B300798106 /* RSSFeedParser.swift */; };
		77887D1426E12C210016192D /* NewAADTVCardController.swift in Sources */ = {isa = PBXBuildFile; fileRef = 77887D1326E12C210016192D /* NewAADTVCardController.swift */; };
		7789470626AEF1C2005FDED7 /* ProgressViewController.swift in Sources */ = {isa = PBXBuildFile; fileRef = 7789470526AEF1C2005FDED7 /* ProgressViewController.swift */; };
		7789A82B266A30B300B71294 /* ADTVChartCardPartView.swift in Sources */ = {isa = PBXBuildFile; fileRef = 7789A82A266A30B300B71294 /* ADTVChartCardPartView.swift */; };
		7791881226E0E7FE005B7D38 /* NewADTVCardController.swift in Sources */ = {isa = PBXBuildFile; fileRef = 7791881126E0E7FE005B7D38 /* NewADTVCardController.swift */; };
		7793E87E261F53DE00D8D3FA /* CompanyAdtv60.swift in Sources */ = {isa = PBXBuildFile; fileRef = 7793E87D261F53DE00D8D3FA /* CompanyAdtv60.swift */; };
		77950FC82643DBEB002AC408 /* QuotesCardPartView.swift in Sources */ = {isa = PBXBuildFile; fileRef = 77950FC72643DBEB002AC408 /* QuotesCardPartView.swift */; };
		77950FCE2643EA4B002AC408 /* ChartCardController.swift in Sources */ = {isa = PBXBuildFile; fileRef = 77950FCD2643EA4B002AC408 /* ChartCardController.swift */; };
		77950FD42644270C002AC408 /* SymbolProfile.swift in Sources */ = {isa = PBXBuildFile; fileRef = 77950FD32644270C002AC408 /* SymbolProfile.swift */; };
		77950FD626443A79002AC408 /* ProfileCardController.swift in Sources */ = {isa = PBXBuildFile; fileRef = 77950FD526443A79002AC408 /* ProfileCardController.swift */; };
		7796865626E5F963002A9980 /* StatisticsCardController.swift in Sources */ = {isa = PBXBuildFile; fileRef = 7796865526E5F963002A9980 /* StatisticsCardController.swift */; };
		7796865826E6102C002A9980 /* NewsCardController.swift in Sources */ = {isa = PBXBuildFile; fileRef = 7796865726E6102C002A9980 /* NewsCardController.swift */; };
		779A46F426D4EE740072CE0B /* UIDevice+modelName.swift in Sources */ = {isa = PBXBuildFile; fileRef = 779A46F326D4EE740072CE0B /* UIDevice+modelName.swift */; };
		779A46F626D4EFE10072CE0B /* UIApplication+AppVersion.swift in Sources */ = {isa = PBXBuildFile; fileRef = 779A46F526D4EFE10072CE0B /* UIApplication+AppVersion.swift */; };
		779A46F826D4F6210072CE0B /* NotificationHelper.swift in Sources */ = {isa = PBXBuildFile; fileRef = 779A46F726D4F6210072CE0B /* NotificationHelper.swift */; };
		779A46FA26D5028D0072CE0B /* SettingsOptionTitleConstant.swift in Sources */ = {isa = PBXBuildFile; fileRef = 779A46F926D5028D0072CE0B /* SettingsOptionTitleConstant.swift */; };
		779A46FC26D508AA0072CE0B /* LogGenerator.swift in Sources */ = {isa = PBXBuildFile; fileRef = 779A46FB26D508AA0072CE0B /* LogGenerator.swift */; };
		779A46FE26D50C780072CE0B /* SettingsNotificationConstant.swift in Sources */ = {isa = PBXBuildFile; fileRef = 779A46FD26D50C780072CE0B /* SettingsNotificationConstant.swift */; };
		779A470026D515020072CE0B /* SettingsSectionTitleConstant.swift in Sources */ = {isa = PBXBuildFile; fileRef = 779A46FF26D515020072CE0B /* SettingsSectionTitleConstant.swift */; };
		779AFC282657B216008373C0 /* PriceChartCardPartView.swift in Sources */ = {isa = PBXBuildFile; fileRef = 779AFC272657B216008373C0 /* PriceChartCardPartView.swift */; };
		779B885826BD192D00FB06A1 /* SettingsTableView.swift in Sources */ = {isa = PBXBuildFile; fileRef = 779B885726BD192D00FB06A1 /* SettingsTableView.swift */; };
		779B885B26BD1B0100FB06A1 /* SettingsTableViewConstant.swift in Sources */ = {isa = PBXBuildFile; fileRef = 779B885A26BD1B0100FB06A1 /* SettingsTableViewConstant.swift */; };
		779B885E26BD1E9600FB06A1 /* SettingsOption.swift in Sources */ = {isa = PBXBuildFile; fileRef = 779B885D26BD1E9500FB06A1 /* SettingsOption.swift */; };
		779B886026BD213D00FB06A1 /* SettingsStaticTableViewCell.swift in Sources */ = {isa = PBXBuildFile; fileRef = 779B885F26BD213D00FB06A1 /* SettingsStaticTableViewCell.swift */; };
		779B886226BD2B4900FB06A1 /* SettingsSection.swift in Sources */ = {isa = PBXBuildFile; fileRef = 779B886126BD2B4900FB06A1 /* SettingsSection.swift */; };
		779B886426BD3DE200FB06A1 /* SettingsSwitchTableViewCell.swift in Sources */ = {isa = PBXBuildFile; fileRef = 779B886326BD3DE200FB06A1 /* SettingsSwitchTableViewCell.swift */; };
		77A147B02642BD1600EE8535 /* CompanyDetailViewController.swift in Sources */ = {isa = PBXBuildFile; fileRef = 77A147AF2642BD1600EE8535 /* CompanyDetailViewController.swift */; };
		77A9758826B3EEC700E150CA /* SearchConstants.swift in Sources */ = {isa = PBXBuildFile; fileRef = 77A9758726B3EEC700E150CA /* SearchConstants.swift */; };
		77C4BD85261CAF9100B8C748 /* HapticsManager.swift in Sources */ = {isa = PBXBuildFile; fileRef = 77C4BD84261CAF9100B8C748 /* HapticsManager.swift */; };
		77C4BD88261CB8D500B8C748 /* ColourExtension.swift in Sources */ = {isa = PBXBuildFile; fileRef = 77C4BD87261CB8D400B8C748 /* ColourExtension.swift */; };
		77C82A3026E4E6E800768FDB /* DetailViewReadMoreURLs.swift in Sources */ = {isa = PBXBuildFile; fileRef = 77C82A2F26E4E6E800768FDB /* DetailViewReadMoreURLs.swift */; };
		77CAA2E626679043003A0246 /* UserDefaults+.swift in Sources */ = {isa = PBXBuildFile; fileRef = 77CAA2E526679043003A0246 /* UserDefaults+.swift */; };
		77CB234526B1664100023934 /* RecentSearchedCompany+CoreDataClass.swift in Sources */ = {isa = PBXBuildFile; fileRef = 77CB234326B1664100023934 /* RecentSearchedCompany+CoreDataClass.swift */; };
		77CB234626B1664100023934 /* RecentSearchedCompany+CoreDataProperties.swift in Sources */ = {isa = PBXBuildFile; fileRef = 77CB234426B1664100023934 /* RecentSearchedCompany+CoreDataProperties.swift */; };
		77CBB6B926B9276300CCD0A6 /* WatchlistViewController.swift in Sources */ = {isa = PBXBuildFile; fileRef = 77CBB6B826B9276300CCD0A6 /* WatchlistViewController.swift */; };
		77CBB6BC26B92BA500CCD0A6 /* WatchlistTableView.swift in Sources */ = {isa = PBXBuildFile; fileRef = 77CBB6BB26B92BA500CCD0A6 /* WatchlistTableView.swift */; };
		77CBB6BE26B9355A00CCD0A6 /* WatchlistTableViewCell.swift in Sources */ = {isa = PBXBuildFile; fileRef = 77CBB6BD26B9355A00CCD0A6 /* WatchlistTableViewCell.swift */; };
		77CD33FE26E39DBE00950F2A /* NewDetailViewConstant.swift in Sources */ = {isa = PBXBuildFile; fileRef = 77CD33FD26E39DBE00950F2A /* NewDetailViewConstant.swift */; };
		77CF843226316DB2009A5E21 /* UIAlertControllerExtension.swift in Sources */ = {isa = PBXBuildFile; fileRef = 77CF843126316DB2009A5E21 /* UIAlertControllerExtension.swift */; };
		77DAF9CD26B05853008662E0 /* RecentSearchTableView.swift in Sources */ = {isa = PBXBuildFile; fileRef = 77DAF9CC26B05853008662E0 /* RecentSearchTableView.swift */; };
		77E763EF26E75D76005AED84 /* TimeseriesCardController.swift in Sources */ = {isa = PBXBuildFile; fileRef = 77E763EE26E75D76005AED84 /* TimeseriesCardController.swift */; };
		77E763F126E75FE5005AED84 /* TimeseriesCardPartView.swift in Sources */ = {isa = PBXBuildFile; fileRef = 77E763F026E75FE5005AED84 /* TimeseriesCardPartView.swift */; };
		77E763F326E76488005AED84 /* TransparentTemplateCardController.swift in Sources */ = {isa = PBXBuildFile; fileRef = 77E763F226E76488005AED84 /* TransparentTemplateCardController.swift */; };
		77E7B3FB26E7838F000EABC6 /* HistPriceMarker.swift in Sources */ = {isa = PBXBuildFile; fileRef = 77E7B3FA26E7838F000EABC6 /* HistPriceMarker.swift */; };
		77E7B3FD26E7AA56000EABC6 /* ChartDataEntryData.swift in Sources */ = {isa = PBXBuildFile; fileRef = 77E7B3FC26E7AA56000EABC6 /* ChartDataEntryData.swift */; };
		77E7E6AA26206667003323DA /* ChartColours.swift in Sources */ = {isa = PBXBuildFile; fileRef = 77E7E6A926206667003323DA /* ChartColours.swift */; };
		77F93361261A321F007662D5 /* DateExtension.swift in Sources */ = {isa = PBXBuildFile; fileRef = 77F93360261A321F007662D5 /* DateExtension.swift */; };
		77F93365261A3251007662D5 /* DoubleExtension.swift in Sources */ = {isa = PBXBuildFile; fileRef = 77F93364261A3251007662D5 /* DoubleExtension.swift */; };
		77F93368261A3271007662D5 /* UINavigationItemExtension.swift in Sources */ = {isa = PBXBuildFile; fileRef = 77F93367261A3271007662D5 /* UINavigationItemExtension.swift */; };
		77F93372261A3675007662D5 /* DateFormatterUtils.swift in Sources */ = {isa = PBXBuildFile; fileRef = 77F93371261A3675007662D5 /* DateFormatterUtils.swift */; };
		77FBC8C226C557E500C35E9C /* WatchlistSync.swift in Sources */ = {isa = PBXBuildFile; fileRef = 77FBC8C126C557E500C35E9C /* WatchlistSync.swift */; };
		77FF535B26E12826001FAACA /* OHLCCardController.swift in Sources */ = {isa = PBXBuildFile; fileRef = 77FF535A26E12826001FAACA /* OHLCCardController.swift */; };
		FB8907E2A79EF7F14ACDADD8 /* Pods_RiverFort.framework in Frameworks */ = {isa = PBXBuildFile; fileRef = D4FDABEC850381C29B4A9FCA /* Pods_RiverFort.framework */; };
/* End PBXBuildFile section */

/* Begin PBXFileReference section */
		69D13D5B19688F922B9BB9AD /* Pods-RiverFort.release.xcconfig */ = {isa = PBXFileReference; includeInIndex = 1; lastKnownFileType = text.xcconfig; name = "Pods-RiverFort.release.xcconfig"; path = "Target Support Files/Pods-RiverFort/Pods-RiverFort.release.xcconfig"; sourceTree = "<group>"; };
		7707A46A26E9EAAB00329CB0 /* NewCompanyDetailViewController+BarButtonItem.swift */ = {isa = PBXFileReference; lastKnownFileType = sourcecode.swift; path = "NewCompanyDetailViewController+BarButtonItem.swift"; sourceTree = "<group>"; };
		7707A46D26E9EBDC00329CB0 /* Configuration.swift */ = {isa = PBXFileReference; lastKnownFileType = sourcecode.swift; path = Configuration.swift; sourceTree = "<group>"; };
		770B22AE26EB8D6400731C58 /* NewADTVMarker.swift */ = {isa = PBXFileReference; lastKnownFileType = sourcecode.swift; path = NewADTVMarker.swift; sourceTree = "<group>"; };
		771263C526A95CAC00B57C04 /* SearchViewController.swift */ = {isa = PBXFileReference; lastKnownFileType = sourcecode.swift; path = SearchViewController.swift; sourceTree = "<group>"; };
		771263CB26A97EED00B57C04 /* SearchResultTableViewController.swift */ = {isa = PBXFileReference; lastKnownFileType = sourcecode.swift; path = SearchResultTableViewController.swift; sourceTree = "<group>"; };
		771D16AD263989C10034193A /* AppVersion.swift */ = {isa = PBXFileReference; lastKnownFileType = sourcecode.swift; path = AppVersion.swift; sourceTree = "<group>"; };
		771E328026D6525E002CC604 /* AcknowledgementsViewController.swift */ = {isa = PBXFileReference; lastKnownFileType = sourcecode.swift; path = AcknowledgementsViewController.swift; sourceTree = "<group>"; };
		7720570526DE6E8300063A9A /* NewCompanyDetailViewController.swift */ = {isa = PBXFileReference; lastKnownFileType = sourcecode.swift; path = NewCompanyDetailViewController.swift; sourceTree = "<group>"; };
		772845A826E613210003F13E /* NewsViewModel.swift */ = {isa = PBXFileReference; lastKnownFileType = sourcecode.swift; path = NewsViewModel.swift; sourceTree = "<group>"; };
		772845AA26E615FA0003F13E /* DetailViewNewsURLs.swift */ = {isa = PBXFileReference; lastKnownFileType = sourcecode.swift; path = DetailViewNewsURLs.swift; sourceTree = "<group>"; };
		7728847A265B962F001C0D4F /* FeedsViewModel.swift */ = {isa = PBXFileReference; lastKnownFileType = sourcecode.swift; path = FeedsViewModel.swift; sourceTree = "<group>"; };
		772A747426DF93890088A604 /* HeaderCardController.swift */ = {isa = PBXFileReference; lastKnownFileType = sourcecode.swift; path = HeaderCardController.swift; sourceTree = "<group>"; };
		772C3F692627457C0044001B /* UITableViewExtension.swift */ = {isa = PBXFileReference; lastKnownFileType = sourcecode.swift; path = UITableViewExtension.swift; sourceTree = "<group>"; };
		772E63DD26E224AF00EA9FB0 /* NewSearchConstant.swift */ = {isa = PBXFileReference; lastKnownFileType = sourcecode.swift; path = NewSearchConstant.swift; sourceTree = "<group>"; };
		773131B926DCEC710068AAD8 /* SearchV2ViewController.swift */ = {isa = PBXFileReference; lastKnownFileType = sourcecode.swift; path = SearchV2ViewController.swift; sourceTree = "<group>"; };
		773131BB26DCF87B0068AAD8 /* SearchResultV2TableViewController.swift */ = {isa = PBXFileReference; lastKnownFileType = sourcecode.swift; path = SearchResultV2TableViewController.swift; sourceTree = "<group>"; };
		773131BE26DCFE5D0068AAD8 /* SearchV2ResultCell.swift */ = {isa = PBXFileReference; lastKnownFileType = sourcecode.swift; path = SearchV2ResultCell.swift; sourceTree = "<group>"; };
		773A0B5F26171238002B9875 /* RiverFort.app */ = {isa = PBXFileReference; explicitFileType = wrapper.application; includeInIndex = 0; path = RiverFort.app; sourceTree = BUILT_PRODUCTS_DIR; };
		773A0B6226171238002B9875 /* AppDelegate.swift */ = {isa = PBXFileReference; lastKnownFileType = sourcecode.swift; path = AppDelegate.swift; sourceTree = "<group>"; };
		773A0B6426171238002B9875 /* SceneDelegate.swift */ = {isa = PBXFileReference; lastKnownFileType = sourcecode.swift; path = SceneDelegate.swift; sourceTree = "<group>"; };
		773A0B6B2617123B002B9875 /* Assets.xcassets */ = {isa = PBXFileReference; lastKnownFileType = folder.assetcatalog; path = Assets.xcassets; sourceTree = "<group>"; };
		773A0B6E2617123B002B9875 /* Base */ = {isa = PBXFileReference; lastKnownFileType = file.storyboard; name = Base; path = Base.lproj/LaunchScreen.storyboard; sourceTree = "<group>"; };
		773A0B702617123B002B9875 /* Info.plist */ = {isa = PBXFileReference; lastKnownFileType = text.plist.xml; path = Info.plist; sourceTree = "<group>"; };
		773A0BA626172670002B9875 /* APIFunctions.swift */ = {isa = PBXFileReference; lastKnownFileType = sourcecode.swift; path = APIFunctions.swift; sourceTree = "<group>"; };
		773A0BA926172690002B9875 /* Company.swift */ = {isa = PBXFileReference; lastKnownFileType = sourcecode.swift; path = Company.swift; sourceTree = "<group>"; };
		773A0BAC261726B2002B9875 /* CompanyDetail.swift */ = {isa = PBXFileReference; lastKnownFileType = sourcecode.swift; path = CompanyDetail.swift; sourceTree = "<group>"; };
		773A0BAF261726C7002B9875 /* CompanyTrading.swift */ = {isa = PBXFileReference; lastKnownFileType = sourcecode.swift; path = CompanyTrading.swift; sourceTree = "<group>"; };
		773A0BB2261726E6002B9875 /* CompanyAdtv20.swift */ = {isa = PBXFileReference; lastKnownFileType = sourcecode.swift; path = CompanyAdtv20.swift; sourceTree = "<group>"; };
		773A0BB926172872002B9875 /* Constants.swift */ = {isa = PBXFileReference; lastKnownFileType = sourcecode.swift; path = Constants.swift; sourceTree = "<group>"; };
		773A0BCA26176C8F002B9875 /* Currency.swift */ = {isa = PBXFileReference; lastKnownFileType = sourcecode.swift; path = Currency.swift; sourceTree = "<group>"; };
		773A86EF263C34A9008105A1 /* PrivacyPolicyViewController.swift */ = {isa = PBXFileReference; lastKnownFileType = sourcecode.swift; path = PrivacyPolicyViewController.swift; sourceTree = "<group>"; };
		77420214264AA032002F6104 /* RiverFort-Bridging-Header.h */ = {isa = PBXFileReference; lastKnownFileType = sourcecode.c.h; path = "RiverFort-Bridging-Header.h"; sourceTree = "<group>"; };
		77420215264AA033002F6104 /* UIScrollView+EmptyDataSet.h */ = {isa = PBXFileReference; fileEncoding = 4; lastKnownFileType = sourcecode.c.h; path = "UIScrollView+EmptyDataSet.h"; sourceTree = "<group>"; };
		77420216264AA033002F6104 /* UIScrollView+EmptyDataSet.m */ = {isa = PBXFileReference; fileEncoding = 4; lastKnownFileType = sourcecode.c.objc; path = "UIScrollView+EmptyDataSet.m"; sourceTree = "<group>"; };
		7748987926E0C229000933A6 /* TemplateCardController.swift */ = {isa = PBXFileReference; lastKnownFileType = sourcecode.swift; path = TemplateCardController.swift; sourceTree = "<group>"; };
		7748987B26E0C396000933A6 /* NewPriceChartCardController.swift */ = {isa = PBXFileReference; lastKnownFileType = sourcecode.swift; path = NewPriceChartCardController.swift; sourceTree = "<group>"; };
		7748987D26E0C3E7000933A6 /* NewPriceChartCardPartView.swift */ = {isa = PBXFileReference; lastKnownFileType = sourcecode.swift; path = NewPriceChartCardPartView.swift; sourceTree = "<group>"; };
		7748988026E0CF9B000933A6 /* SearchAPIFunction.swift */ = {isa = PBXFileReference; lastKnownFileType = sourcecode.swift; path = SearchAPIFunction.swift; sourceTree = "<group>"; };
		7748988226E0D598000933A6 /* DetailViewAPIFunction.swift */ = {isa = PBXFileReference; lastKnownFileType = sourcecode.swift; path = DetailViewAPIFunction.swift; sourceTree = "<group>"; };
		7748988426E0E235000933A6 /* NewADTVChartCardPartView.swift */ = {isa = PBXFileReference; lastKnownFileType = sourcecode.swift; path = NewADTVChartCardPartView.swift; sourceTree = "<group>"; };
		7748988626E0E454000933A6 /* NewADTVChartCardController.swift */ = {isa = PBXFileReference; lastKnownFileType = sourcecode.swift; path = NewADTVChartCardController.swift; sourceTree = "<group>"; };
		774DB74B2623144900A92D13 /* RiverFort.xcdatamodel */ = {isa = PBXFileReference; lastKnownFileType = wrapper.xcdatamodel; path = RiverFort.xcdatamodel; sourceTree = "<group>"; };
		775DFDA62645440E00D9A4AF /* QuotesCardController.swift */ = {isa = PBXFileReference; lastKnownFileType = sourcecode.swift; path = QuotesCardController.swift; sourceTree = "<group>"; };
		775DFDA82645849400D9A4AF /* Quote.swift */ = {isa = PBXFileReference; lastKnownFileType = sourcecode.swift; path = Quote.swift; sourceTree = "<group>"; };
		7760164826B984C100BA7C41 /* WatchedCompanyDetail.swift */ = {isa = PBXFileReference; lastKnownFileType = sourcecode.swift; path = WatchedCompanyDetail.swift; sourceTree = "<group>"; };
		7760164B26B98E9700BA7C41 /* WatchlistConstant.swift */ = {isa = PBXFileReference; lastKnownFileType = sourcecode.swift; path = WatchlistConstant.swift; sourceTree = "<group>"; };
		7762C77126BAE258008DE1BA /* NumberShortScale.swift */ = {isa = PBXFileReference; lastKnownFileType = sourcecode.swift; path = NumberShortScale.swift; sourceTree = "<group>"; };
		7765434126EF3C3800E91C25 /* YahooFinance.swift */ = {isa = PBXFileReference; lastKnownFileType = sourcecode.swift; path = YahooFinance.swift; sourceTree = "<group>"; };
		7765434326EF3C5700E91C25 /* FMP.swift */ = {isa = PBXFileReference; lastKnownFileType = sourcecode.swift; path = FMP.swift; sourceTree = "<group>"; };
		776A913426E3B5E50012D0D5 /* NewProfileCardController.swift */ = {isa = PBXFileReference; lastKnownFileType = sourcecode.swift; path = NewProfileCardController.swift; sourceTree = "<group>"; };
		776D13C2261E087500B9CF97 /* HomeViewController.swift */ = {isa = PBXFileReference; lastKnownFileType = sourcecode.swift; path = HomeViewController.swift; sourceTree = "<group>"; };
		776F657926BBDB6400CAA5A6 /* WindowInterfaceOrientation.swift */ = {isa = PBXFileReference; lastKnownFileType = sourcecode.swift; path = WindowInterfaceOrientation.swift; sourceTree = "<group>"; };
		776F657B26BBEF2D00CAA5A6 /* EditWatchlistViewController.swift */ = {isa = PBXFileReference; lastKnownFileType = sourcecode.swift; path = EditWatchlistViewController.swift; sourceTree = "<group>"; };
		776F657D26BBF15900CAA5A6 /* EditWatchlistTableView.swift */ = {isa = PBXFileReference; lastKnownFileType = sourcecode.swift; path = EditWatchlistTableView.swift; sourceTree = "<group>"; };
		776F658026BBFF7900CAA5A6 /* PersistentContainer.swift */ = {isa = PBXFileReference; lastKnownFileType = sourcecode.swift; path = PersistentContainer.swift; sourceTree = "<group>"; };
		776F658426BC36C600CAA5A6 /* SettingsViewController.swift */ = {isa = PBXFileReference; lastKnownFileType = sourcecode.swift; path = SettingsViewController.swift; sourceTree = "<group>"; };
		7774DBEC264BF451002752B4 /* NewSymbolRequest.swift */ = {isa = PBXFileReference; lastKnownFileType = sourcecode.swift; path = NewSymbolRequest.swift; sourceTree = "<group>"; };
		77814CD326469CE3008C832C /* ADTVCardController.swift */ = {isa = PBXFileReference; lastKnownFileType = sourcecode.swift; path = ADTVCardController.swift; sourceTree = "<group>"; };
		77814CD526469D6B008C832C /* ADTV.swift */ = {isa = PBXFileReference; lastKnownFileType = sourcecode.swift; path = ADTV.swift; sourceTree = "<group>"; };
		7785D7822630142600988C28 /* WatchedCompany+CoreDataClass.swift */ = {isa = PBXFileReference; lastKnownFileType = sourcecode.swift; path = "WatchedCompany+CoreDataClass.swift"; sourceTree = "<group>"; };
		7785D7832630142600988C28 /* WatchedCompany+CoreDataProperties.swift */ = {isa = PBXFileReference; lastKnownFileType = sourcecode.swift; path = "WatchedCompany+CoreDataProperties.swift"; sourceTree = "<group>"; };
		7785EF2A26AAA22300AEB5FE /* FMPStockTickerSearch.swift */ = {isa = PBXFileReference; lastKnownFileType = sourcecode.swift; path = FMPStockTickerSearch.swift; sourceTree = "<group>"; };
		7785EF2C26AAA24500AEB5FE /* SearchResultCell.swift */ = {isa = PBXFileReference; lastKnownFileType = sourcecode.swift; path = SearchResultCell.swift; sourceTree = "<group>"; };
		77876E8F264D484700798106 /* FeedsCardController.swift */ = {isa = PBXFileReference; lastKnownFileType = sourcecode.swift; path = FeedsCardController.swift; sourceTree = "<group>"; };
		77876E91264D5CA400798106 /* NSRegularExpressionExtension.swift */ = {isa = PBXFileReference; lastKnownFileType = sourcecode.swift; path = NSRegularExpressionExtension.swift; sourceTree = "<group>"; };
		77876E93264D5D6700798106 /* Regex.swift */ = {isa = PBXFileReference; lastKnownFileType = sourcecode.swift; path = Regex.swift; sourceTree = "<group>"; };
		77876E95264D5FE700798106 /* StringExtension.swift */ = {isa = PBXFileReference; lastKnownFileType = sourcecode.swift; path = StringExtension.swift; sourceTree = "<group>"; };
		77876E97264D69B300798106 /* RSSFeedParser.swift */ = {isa = PBXFileReference; lastKnownFileType = sourcecode.swift; path = RSSFeedParser.swift; sourceTree = "<group>"; };
		77887D1326E12C210016192D /* NewAADTVCardController.swift */ = {isa = PBXFileReference; lastKnownFileType = sourcecode.swift; path = NewAADTVCardController.swift; sourceTree = "<group>"; };
		7789470526AEF1C2005FDED7 /* ProgressViewController.swift */ = {isa = PBXFileReference; lastKnownFileType = sourcecode.swift; path = ProgressViewController.swift; sourceTree = "<group>"; };
		7789A82A266A30B300B71294 /* ADTVChartCardPartView.swift */ = {isa = PBXFileReference; lastKnownFileType = sourcecode.swift; path = ADTVChartCardPartView.swift; sourceTree = "<group>"; };
		7791881126E0E7FE005B7D38 /* NewADTVCardController.swift */ = {isa = PBXFileReference; lastKnownFileType = sourcecode.swift; path = NewADTVCardController.swift; sourceTree = "<group>"; };
		7793E87D261F53DE00D8D3FA /* CompanyAdtv60.swift */ = {isa = PBXFileReference; lastKnownFileType = sourcecode.swift; path = CompanyAdtv60.swift; sourceTree = "<group>"; };
		77950FC72643DBEB002AC408 /* QuotesCardPartView.swift */ = {isa = PBXFileReference; lastKnownFileType = sourcecode.swift; path = QuotesCardPartView.swift; sourceTree = "<group>"; };
		77950FCD2643EA4B002AC408 /* ChartCardController.swift */ = {isa = PBXFileReference; lastKnownFileType = sourcecode.swift; path = ChartCardController.swift; sourceTree = "<group>"; };
		77950FD32644270C002AC408 /* SymbolProfile.swift */ = {isa = PBXFileReference; lastKnownFileType = sourcecode.swift; path = SymbolProfile.swift; sourceTree = "<group>"; };
		77950FD526443A79002AC408 /* ProfileCardController.swift */ = {isa = PBXFileReference; lastKnownFileType = sourcecode.swift; path = ProfileCardController.swift; sourceTree = "<group>"; };
		7796865526E5F963002A9980 /* StatisticsCardController.swift */ = {isa = PBXFileReference; lastKnownFileType = sourcecode.swift; path = StatisticsCardController.swift; sourceTree = "<group>"; };
		7796865726E6102C002A9980 /* NewsCardController.swift */ = {isa = PBXFileReference; lastKnownFileType = sourcecode.swift; path = NewsCardController.swift; sourceTree = "<group>"; };
		779A46F326D4EE740072CE0B /* UIDevice+modelName.swift */ = {isa = PBXFileReference; lastKnownFileType = sourcecode.swift; path = "UIDevice+modelName.swift"; sourceTree = "<group>"; };
		779A46F526D4EFE10072CE0B /* UIApplication+AppVersion.swift */ = {isa = PBXFileReference; lastKnownFileType = sourcecode.swift; path = "UIApplication+AppVersion.swift"; sourceTree = "<group>"; };
		779A46F726D4F6210072CE0B /* NotificationHelper.swift */ = {isa = PBXFileReference; lastKnownFileType = sourcecode.swift; path = NotificationHelper.swift; sourceTree = "<group>"; };
		779A46F926D5028D0072CE0B /* SettingsOptionTitleConstant.swift */ = {isa = PBXFileReference; lastKnownFileType = sourcecode.swift; path = SettingsOptionTitleConstant.swift; sourceTree = "<group>"; };
		779A46FB26D508AA0072CE0B /* LogGenerator.swift */ = {isa = PBXFileReference; lastKnownFileType = sourcecode.swift; path = LogGenerator.swift; sourceTree = "<group>"; };
		779A46FD26D50C780072CE0B /* SettingsNotificationConstant.swift */ = {isa = PBXFileReference; lastKnownFileType = sourcecode.swift; path = SettingsNotificationConstant.swift; sourceTree = "<group>"; };
		779A46FF26D515020072CE0B /* SettingsSectionTitleConstant.swift */ = {isa = PBXFileReference; lastKnownFileType = sourcecode.swift; path = SettingsSectionTitleConstant.swift; sourceTree = "<group>"; };
		779AFC272657B216008373C0 /* PriceChartCardPartView.swift */ = {isa = PBXFileReference; lastKnownFileType = sourcecode.swift; path = PriceChartCardPartView.swift; sourceTree = "<group>"; };
		779B885726BD192D00FB06A1 /* SettingsTableView.swift */ = {isa = PBXFileReference; lastKnownFileType = sourcecode.swift; path = SettingsTableView.swift; sourceTree = "<group>"; };
		779B885A26BD1B0100FB06A1 /* SettingsTableViewConstant.swift */ = {isa = PBXFileReference; lastKnownFileType = sourcecode.swift; path = SettingsTableViewConstant.swift; sourceTree = "<group>"; };
		779B885D26BD1E9500FB06A1 /* SettingsOption.swift */ = {isa = PBXFileReference; lastKnownFileType = sourcecode.swift; path = SettingsOption.swift; sourceTree = "<group>"; };
		779B885F26BD213D00FB06A1 /* SettingsStaticTableViewCell.swift */ = {isa = PBXFileReference; lastKnownFileType = sourcecode.swift; path = SettingsStaticTableViewCell.swift; sourceTree = "<group>"; };
		779B886126BD2B4900FB06A1 /* SettingsSection.swift */ = {isa = PBXFileReference; lastKnownFileType = sourcecode.swift; path = SettingsSection.swift; sourceTree = "<group>"; };
		779B886326BD3DE200FB06A1 /* SettingsSwitchTableViewCell.swift */ = {isa = PBXFileReference; lastKnownFileType = sourcecode.swift; path = SettingsSwitchTableViewCell.swift; sourceTree = "<group>"; };
		77A147AF2642BD1600EE8535 /* CompanyDetailViewController.swift */ = {isa = PBXFileReference; lastKnownFileType = sourcecode.swift; path = CompanyDetailViewController.swift; sourceTree = "<group>"; };
		77A9758726B3EEC700E150CA /* SearchConstants.swift */ = {isa = PBXFileReference; lastKnownFileType = sourcecode.swift; path = SearchConstants.swift; sourceTree = "<group>"; };
		77C4BD84261CAF9100B8C748 /* HapticsManager.swift */ = {isa = PBXFileReference; lastKnownFileType = sourcecode.swift; path = HapticsManager.swift; sourceTree = "<group>"; };
		77C4BD87261CB8D400B8C748 /* ColourExtension.swift */ = {isa = PBXFileReference; lastKnownFileType = sourcecode.swift; path = ColourExtension.swift; sourceTree = "<group>"; };
		77C82A2F26E4E6E800768FDB /* DetailViewReadMoreURLs.swift */ = {isa = PBXFileReference; lastKnownFileType = sourcecode.swift; path = DetailViewReadMoreURLs.swift; sourceTree = "<group>"; };
		77CAA2E526679043003A0246 /* UserDefaults+.swift */ = {isa = PBXFileReference; lastKnownFileType = sourcecode.swift; path = "UserDefaults+.swift"; sourceTree = "<group>"; };
		77CB234326B1664100023934 /* RecentSearchedCompany+CoreDataClass.swift */ = {isa = PBXFileReference; lastKnownFileType = sourcecode.swift; path = "RecentSearchedCompany+CoreDataClass.swift"; sourceTree = "<group>"; };
		77CB234426B1664100023934 /* RecentSearchedCompany+CoreDataProperties.swift */ = {isa = PBXFileReference; lastKnownFileType = sourcecode.swift; path = "RecentSearchedCompany+CoreDataProperties.swift"; sourceTree = "<group>"; };
		77CBB6B826B9276300CCD0A6 /* WatchlistViewController.swift */ = {isa = PBXFileReference; lastKnownFileType = sourcecode.swift; path = WatchlistViewController.swift; sourceTree = "<group>"; };
		77CBB6BB26B92BA500CCD0A6 /* WatchlistTableView.swift */ = {isa = PBXFileReference; lastKnownFileType = sourcecode.swift; path = WatchlistTableView.swift; sourceTree = "<group>"; };
		77CBB6BD26B9355A00CCD0A6 /* WatchlistTableViewCell.swift */ = {isa = PBXFileReference; lastKnownFileType = sourcecode.swift; path = WatchlistTableViewCell.swift; sourceTree = "<group>"; };
		77CD33FD26E39DBE00950F2A /* NewDetailViewConstant.swift */ = {isa = PBXFileReference; lastKnownFileType = sourcecode.swift; path = NewDetailViewConstant.swift; sourceTree = "<group>"; };
		77CF843126316DB2009A5E21 /* UIAlertControllerExtension.swift */ = {isa = PBXFileReference; lastKnownFileType = sourcecode.swift; path = UIAlertControllerExtension.swift; sourceTree = "<group>"; };
		77DAF9CC26B05853008662E0 /* RecentSearchTableView.swift */ = {isa = PBXFileReference; lastKnownFileType = sourcecode.swift; path = RecentSearchTableView.swift; sourceTree = "<group>"; };
		77E763EE26E75D76005AED84 /* TimeseriesCardController.swift */ = {isa = PBXFileReference; lastKnownFileType = sourcecode.swift; path = TimeseriesCardController.swift; sourceTree = "<group>"; };
		77E763F026E75FE5005AED84 /* TimeseriesCardPartView.swift */ = {isa = PBXFileReference; lastKnownFileType = sourcecode.swift; path = TimeseriesCardPartView.swift; sourceTree = "<group>"; };
		77E763F226E76488005AED84 /* TransparentTemplateCardController.swift */ = {isa = PBXFileReference; lastKnownFileType = sourcecode.swift; path = TransparentTemplateCardController.swift; sourceTree = "<group>"; };
		77E7B3FA26E7838F000EABC6 /* HistPriceMarker.swift */ = {isa = PBXFileReference; lastKnownFileType = sourcecode.swift; path = HistPriceMarker.swift; sourceTree = "<group>"; };
		77E7B3FC26E7AA56000EABC6 /* ChartDataEntryData.swift */ = {isa = PBXFileReference; lastKnownFileType = sourcecode.swift; path = ChartDataEntryData.swift; sourceTree = "<group>"; };
		77E7E6A926206667003323DA /* ChartColours.swift */ = {isa = PBXFileReference; lastKnownFileType = sourcecode.swift; path = ChartColours.swift; sourceTree = "<group>"; };
		77F85A0226C92B6D00EAE363 /* RiverFort.entitlements */ = {isa = PBXFileReference; lastKnownFileType = text.plist.entitlements; path = RiverFort.entitlements; sourceTree = "<group>"; };
		77F93360261A321F007662D5 /* DateExtension.swift */ = {isa = PBXFileReference; lastKnownFileType = sourcecode.swift; path = DateExtension.swift; sourceTree = "<group>"; };
		77F93364261A3251007662D5 /* DoubleExtension.swift */ = {isa = PBXFileReference; lastKnownFileType = sourcecode.swift; path = DoubleExtension.swift; sourceTree = "<group>"; };
		77F93367261A3271007662D5 /* UINavigationItemExtension.swift */ = {isa = PBXFileReference; lastKnownFileType = sourcecode.swift; path = UINavigationItemExtension.swift; sourceTree = "<group>"; };
		77F93371261A3675007662D5 /* DateFormatterUtils.swift */ = {isa = PBXFileReference; lastKnownFileType = sourcecode.swift; path = DateFormatterUtils.swift; sourceTree = "<group>"; };
		77FBC8C126C557E500C35E9C /* WatchlistSync.swift */ = {isa = PBXFileReference; lastKnownFileType = sourcecode.swift; path = WatchlistSync.swift; sourceTree = "<group>"; };
		77FF535A26E12826001FAACA /* OHLCCardController.swift */ = {isa = PBXFileReference; lastKnownFileType = sourcecode.swift; path = OHLCCardController.swift; sourceTree = "<group>"; };
		BA0BAB84004CD658A66B157B /* Pods-RiverFort.debug.xcconfig */ = {isa = PBXFileReference; includeInIndex = 1; lastKnownFileType = text.xcconfig; name = "Pods-RiverFort.debug.xcconfig"; path = "Target Support Files/Pods-RiverFort/Pods-RiverFort.debug.xcconfig"; sourceTree = "<group>"; };
		D4FDABEC850381C29B4A9FCA /* Pods_RiverFort.framework */ = {isa = PBXFileReference; explicitFileType = wrapper.framework; includeInIndex = 0; path = Pods_RiverFort.framework; sourceTree = BUILT_PRODUCTS_DIR; };
/* End PBXFileReference section */

/* Begin PBXFrameworksBuildPhase section */
		773A0B5C26171238002B9875 /* Frameworks */ = {
			isa = PBXFrameworksBuildPhase;
			buildActionMask = 2147483647;
			files = (
				FB8907E2A79EF7F14ACDADD8 /* Pods_RiverFort.framework in Frameworks */,
			);
			runOnlyForDeploymentPostprocessing = 0;
		};
/* End PBXFrameworksBuildPhase section */

/* Begin PBXGroup section */
		7707A46926E9EA8700329CB0 /* Extensions */ = {
			isa = PBXGroup;
			children = (
				7707A46A26E9EAAB00329CB0 /* NewCompanyDetailViewController+BarButtonItem.swift */,
			);
			path = Extensions;
			sourceTree = "<group>";
		};
		7707A46C26E9EBB400329CB0 /* Configuration */ = {
			isa = PBXGroup;
			children = (
				7707A46D26E9EBDC00329CB0 /* Configuration.swift */,
			);
			path = Configuration;
			sourceTree = "<group>";
		};
		77104EEE26B4497B0058E2C2 /* Common */ = {
			isa = PBXGroup;
			children = (
				77FBC8C326C55DC000C35E9C /* Extension */,
				776F657F26BBFF5200CAA5A6 /* PersistentStore */,
				776F657826BBDB4C00CAA5A6 /* Orientation */,
				7762C77026BAE1DF008DE1BA /* Utility */,
				77104EEF26B4499D0058E2C2 /* Haptics */,
				7760164726B9830100BA7C41 /* Model */,
			);
			path = Common;
			sourceTree = "<group>";
		};
		77104EEF26B4499D0058E2C2 /* Haptics */ = {
			isa = PBXGroup;
			children = (
				77C4BD84261CAF9100B8C748 /* HapticsManager.swift */,
			);
			path = Haptics;
			sourceTree = "<group>";
		};
		7720570226DE6E1D00063A9A /* DetailView-v2 */ = {
			isa = PBXGroup;
			children = (
				7720570326DE6E2F00063A9A /* ViewController */,
				7720570426DE6E3A00063A9A /* View */,
				77EF139726DF919400EDFC17 /* Model */,
			);
			path = "DetailView-v2";
			sourceTree = "<group>";
		};
		7720570326DE6E2F00063A9A /* ViewController */ = {
			isa = PBXGroup;
			children = (
				778B3AFB26E12CF8009CBE7E /* Template */,
				7707A46926E9EA8700329CB0 /* Extensions */,
				7720570526DE6E8300063A9A /* NewCompanyDetailViewController.swift */,
				772A747426DF93890088A604 /* HeaderCardController.swift */,
				77E763EE26E75D76005AED84 /* TimeseriesCardController.swift */,
				7748987B26E0C396000933A6 /* NewPriceChartCardController.swift */,
				7748988626E0E454000933A6 /* NewADTVChartCardController.swift */,
				776A913426E3B5E50012D0D5 /* NewProfileCardController.swift */,
				7796865526E5F963002A9980 /* StatisticsCardController.swift */,
				7791881126E0E7FE005B7D38 /* NewADTVCardController.swift */,
				77887D1326E12C210016192D /* NewAADTVCardController.swift */,
				77FF535A26E12826001FAACA /* OHLCCardController.swift */,
				7796865726E6102C002A9980 /* NewsCardController.swift */,
			);
			path = ViewController;
			sourceTree = "<group>";
		};
		7720570426DE6E3A00063A9A /* View */ = {
			isa = PBXGroup;
			children = (
				7748987D26E0C3E7000933A6 /* NewPriceChartCardPartView.swift */,
				7748988426E0E235000933A6 /* NewADTVChartCardPartView.swift */,
				77E763F026E75FE5005AED84 /* TimeseriesCardPartView.swift */,
				77E7B3FA26E7838F000EABC6 /* HistPriceMarker.swift */,
				770B22AE26EB8D6400731C58 /* NewADTVMarker.swift */,
			);
			path = View;
			sourceTree = "<group>";
		};
		772E63DC26E2249400EA9FB0 /* Constant */ = {
			isa = PBXGroup;
			children = (
				772E63DD26E224AF00EA9FB0 /* NewSearchConstant.swift */,
			);
			path = Constant;
			sourceTree = "<group>";
		};
		773131B726DCEC3F0068AAD8 /* Search-v2 */ = {
			isa = PBXGroup;
			children = (
				773131B826DCEC500068AAD8 /* ViewController */,
				773131BD26DCFE3B0068AAD8 /* View */,
				7748987F26E0CECD000933A6 /* Model */,
			);
			path = "Search-v2";
			sourceTree = "<group>";
		};
		773131B826DCEC500068AAD8 /* ViewController */ = {
			isa = PBXGroup;
			children = (
				773131B926DCEC710068AAD8 /* SearchV2ViewController.swift */,
				773131BB26DCF87B0068AAD8 /* SearchResultV2TableViewController.swift */,
			);
			path = ViewController;
			sourceTree = "<group>";
		};
		773131BD26DCFE3B0068AAD8 /* View */ = {
			isa = PBXGroup;
			children = (
				773131BE26DCFE5D0068AAD8 /* SearchV2ResultCell.swift */,
			);
			path = View;
			sourceTree = "<group>";
		};
		773A0B5626171238002B9875 = {
			isa = PBXGroup;
			children = (
				773A0B6126171238002B9875 /* RiverFort */,
				773A0B6026171238002B9875 /* Products */,
				778E06B4149601A3EB353E48 /* Pods */,
				C6A17D5492E623A9D1FC58BD /* Frameworks */,
			);
			sourceTree = "<group>";
		};
		773A0B6026171238002B9875 /* Products */ = {
			isa = PBXGroup;
			children = (
				773A0B5F26171238002B9875 /* RiverFort.app */,
			);
			name = Products;
			sourceTree = "<group>";
		};
		773A0B6126171238002B9875 /* RiverFort */ = {
			isa = PBXGroup;
			children = (
				77104EEE26B4497B0058E2C2 /* Common */,
				773A0B9C26172370002B9875 /* Storyboards */,
				7780B8B826CFB14500561789 /* Application */,
				773A0B9D2617237C002B9875 /* Models */,
				77F9335F261A2BA1007662D5 /* Extensions */,
				773A0B9B26172364002B9875 /* Helpers */,
				7780B8B726CFB03F00561789 /* Assets */,
				77F85A0226C92B6D00EAE363 /* RiverFort.entitlements */,
				773A0B702617123B002B9875 /* Info.plist */,
			);
			path = RiverFort;
			sourceTree = "<group>";
		};
		773A0B9B26172364002B9875 /* Helpers */ = {
			isa = PBXGroup;
			children = (
				773A0BB926172872002B9875 /* Constants.swift */,
				773A0BCA26176C8F002B9875 /* Currency.swift */,
				77F93371261A3675007662D5 /* DateFormatterUtils.swift */,
				77E7E6A926206667003323DA /* ChartColours.swift */,
				771D16AD263989C10034193A /* AppVersion.swift */,
				77876E93264D5D6700798106 /* Regex.swift */,
				77420215264AA033002F6104 /* UIScrollView+EmptyDataSet.h */,
				77420216264AA033002F6104 /* UIScrollView+EmptyDataSet.m */,
				77420214264AA032002F6104 /* RiverFort-Bridging-Header.h */,
			);
			path = Helpers;
			sourceTree = "<group>";
		};
		773A0B9C26172370002B9875 /* Storyboards */ = {
			isa = PBXGroup;
			children = (
				773A0B6D2617123B002B9875 /* LaunchScreen.storyboard */,
			);
			path = Storyboards;
			sourceTree = "<group>";
		};
		773A0B9D2617237C002B9875 /* Models */ = {
			isa = PBXGroup;
			children = (
				7707A46C26E9EBB400329CB0 /* Configuration */,
				773A0BA626172670002B9875 /* APIFunctions.swift */,
				773A0BA926172690002B9875 /* Company.swift */,
				773A0BAF261726C7002B9875 /* CompanyTrading.swift */,
				773A0BB2261726E6002B9875 /* CompanyAdtv20.swift */,
				7793E87D261F53DE00D8D3FA /* CompanyAdtv60.swift */,
				77950FD32644270C002AC408 /* SymbolProfile.swift */,
				775DFDA82645849400D9A4AF /* Quote.swift */,
				77814CD526469D6B008C832C /* ADTV.swift */,
				7774DBEC264BF451002752B4 /* NewSymbolRequest.swift */,
				7728847A265B962F001C0D4F /* FeedsViewModel.swift */,
			);
			path = Models;
			sourceTree = "<group>";
		};
		7748987F26E0CECD000933A6 /* Model */ = {
			isa = PBXGroup;
			children = (
				772E63DC26E2249400EA9FB0 /* Constant */,
				7748988026E0CF9B000933A6 /* SearchAPIFunction.swift */,
			);
			path = Model;
			sourceTree = "<group>";
		};
		7760164626B977EF00BA7C41 /* Model */ = {
			isa = PBXGroup;
			children = (
				7760164826B984C100BA7C41 /* WatchedCompanyDetail.swift */,
				7785D7872630144200988C28 /* WatchedCompany */,
			);
			path = Model;
			sourceTree = "<group>";
		};
		7760164726B9830100BA7C41 /* Model */ = {
			isa = PBXGroup;
			children = (
				773A0BAC261726B2002B9875 /* CompanyDetail.swift */,
			);
			path = Model;
			sourceTree = "<group>";
		};
		7760164A26B98E3800BA7C41 /* Constant */ = {
			isa = PBXGroup;
			children = (
				7760164B26B98E9700BA7C41 /* WatchlistConstant.swift */,
			);
			path = Constant;
			sourceTree = "<group>";
		};
		7762C77026BAE1DF008DE1BA /* Utility */ = {
			isa = PBXGroup;
			children = (
				7762C77126BAE258008DE1BA /* NumberShortScale.swift */,
			);
			path = Utility;
			sourceTree = "<group>";
		};
		7765434026EF3BFD00E91C25 /* APIModel */ = {
			isa = PBXGroup;
			children = (
				7765434126EF3C3800E91C25 /* YahooFinance.swift */,
				7765434326EF3C5700E91C25 /* FMP.swift */,
			);
			path = APIModel;
			sourceTree = "<group>";
		};
		776F657826BBDB4C00CAA5A6 /* Orientation */ = {
			isa = PBXGroup;
			children = (
				776F657926BBDB6400CAA5A6 /* WindowInterfaceOrientation.swift */,
			);
			path = Orientation;
			sourceTree = "<group>";
		};
		776F657F26BBFF5200CAA5A6 /* PersistentStore */ = {
			isa = PBXGroup;
			children = (
				774DB74A2623144900A92D13 /* RiverFort.xcdatamodeld */,
				776F658026BBFF7900CAA5A6 /* PersistentContainer.swift */,
			);
			path = PersistentStore;
			sourceTree = "<group>";
		};
		776F658226BC366100CAA5A6 /* Settings */ = {
			isa = PBXGroup;
			children = (
				776F658326BC369300CAA5A6 /* ViewController */,
				779B885626BD190200FB06A1 /* View */,
				779B885C26BD1E3900FB06A1 /* Model */,
				779B885926BD1AE600FB06A1 /* Constant */,
				779A46F226D4EE360072CE0B /* Helper */,
			);
			path = Settings;
			sourceTree = "<group>";
		};
		776F658326BC369300CAA5A6 /* ViewController */ = {
			isa = PBXGroup;
			children = (
				776F658426BC36C600CAA5A6 /* SettingsViewController.swift */,
				773A86EF263C34A9008105A1 /* PrivacyPolicyViewController.swift */,
				771E328026D6525E002CC604 /* AcknowledgementsViewController.swift */,
			);
			path = ViewController;
			sourceTree = "<group>";
		};
		7770081626B1A5650021A9BB /* ViewController */ = {
			isa = PBXGroup;
			children = (
				771263C526A95CAC00B57C04 /* SearchViewController.swift */,
				771263CB26A97EED00B57C04 /* SearchResultTableViewController.swift */,
				7789470526AEF1C2005FDED7 /* ProgressViewController.swift */,
			);
			path = ViewController;
			sourceTree = "<group>";
		};
		7770081726B1A5820021A9BB /* View */ = {
			isa = PBXGroup;
			children = (
				7785EF2C26AAA24500AEB5FE /* SearchResultCell.swift */,
				77DAF9CC26B05853008662E0 /* RecentSearchTableView.swift */,
			);
			path = View;
			sourceTree = "<group>";
		};
		7770081826B1A5980021A9BB /* Model */ = {
			isa = PBXGroup;
			children = (
				77CB234826B166B200023934 /* RecentSearchedCompany */,
				7785EF2A26AAA22300AEB5FE /* FMPStockTickerSearch.swift */,
			);
			path = Model;
			sourceTree = "<group>";
		};
		7780B8B526CFAFE500561789 /* Main */ = {
			isa = PBXGroup;
			children = (
				773A0B6226171238002B9875 /* AppDelegate.swift */,
				773A0B6426171238002B9875 /* SceneDelegate.swift */,
				776D13C2261E087500B9CF97 /* HomeViewController.swift */,
			);
			path = Main;
			sourceTree = "<group>";
		};
		7780B8B726CFB03F00561789 /* Assets */ = {
			isa = PBXGroup;
			children = (
				773A0B6B2617123B002B9875 /* Assets.xcassets */,
			);
			path = Assets;
			sourceTree = "<group>";
		};
		7780B8B826CFB14500561789 /* Application */ = {
			isa = PBXGroup;
			children = (
				7780B8B526CFAFE500561789 /* Main */,
				773131B726DCEC3F0068AAD8 /* Search-v2 */,
				7720570226DE6E1D00063A9A /* DetailView-v2 */,
				7785EF2926AAA1C200AEB5FE /* Search */,
				7780B8B926CFBB7000561789 /* DetailView */,
				77CBB6B626B9271300CCD0A6 /* Watchlist */,
				776F658226BC366100CAA5A6 /* Settings */,
			);
			path = Application;
			sourceTree = "<group>";
		};
		7780B8B926CFBB7000561789 /* DetailView */ = {
			isa = PBXGroup;
			children = (
				7780B8BA26CFBB9A00561789 /* ViewController */,
				77EF139626DF8B6200EDFC17 /* Model */,
				7780B8BB26CFBBB900561789 /* View */,
			);
			path = DetailView;
			sourceTree = "<group>";
		};
		7780B8BA26CFBB9A00561789 /* ViewController */ = {
			isa = PBXGroup;
			children = (
				77A147AF2642BD1600EE8535 /* CompanyDetailViewController.swift */,
				77950FCD2643EA4B002AC408 /* ChartCardController.swift */,
				77950FD526443A79002AC408 /* ProfileCardController.swift */,
				775DFDA62645440E00D9A4AF /* QuotesCardController.swift */,
				77814CD326469CE3008C832C /* ADTVCardController.swift */,
				77876E8F264D484700798106 /* FeedsCardController.swift */,
			);
			path = ViewController;
			sourceTree = "<group>";
		};
		7780B8BB26CFBBB900561789 /* View */ = {
			isa = PBXGroup;
			children = (
				779AFC272657B216008373C0 /* PriceChartCardPartView.swift */,
				7789A82A266A30B300B71294 /* ADTVChartCardPartView.swift */,
				77950FC72643DBEB002AC408 /* QuotesCardPartView.swift */,
			);
			path = View;
			sourceTree = "<group>";
		};
		7785D7872630144200988C28 /* WatchedCompany */ = {
			isa = PBXGroup;
			children = (
				7785D7822630142600988C28 /* WatchedCompany+CoreDataClass.swift */,
				7785D7832630142600988C28 /* WatchedCompany+CoreDataProperties.swift */,
			);
			path = WatchedCompany;
			sourceTree = "<group>";
		};
		7785EF2926AAA1C200AEB5FE /* Search */ = {
			isa = PBXGroup;
			children = (
				77A9758926B3F75A00E150CA /* Extension */,
				7770081626B1A5650021A9BB /* ViewController */,
				7770081726B1A5820021A9BB /* View */,
				7770081826B1A5980021A9BB /* Model */,
				77A9758626B3EE7400E150CA /* Constants */,
			);
			path = Search;
			sourceTree = "<group>";
		};
		778B3AFB26E12CF8009CBE7E /* Template */ = {
			isa = PBXGroup;
			children = (
				7748987926E0C229000933A6 /* TemplateCardController.swift */,
				77E763F226E76488005AED84 /* TransparentTemplateCardController.swift */,
			);
			path = Template;
			sourceTree = "<group>";
		};
		778E06B4149601A3EB353E48 /* Pods */ = {
			isa = PBXGroup;
			children = (
				BA0BAB84004CD658A66B157B /* Pods-RiverFort.debug.xcconfig */,
				69D13D5B19688F922B9BB9AD /* Pods-RiverFort.release.xcconfig */,
			);
			path = Pods;
			sourceTree = "<group>";
		};
		779A46F226D4EE360072CE0B /* Helper */ = {
			isa = PBXGroup;
			children = (
				779A46F326D4EE740072CE0B /* UIDevice+modelName.swift */,
				779A46F526D4EFE10072CE0B /* UIApplication+AppVersion.swift */,
				779A46F726D4F6210072CE0B /* NotificationHelper.swift */,
				779A46FB26D508AA0072CE0B /* LogGenerator.swift */,
			);
			path = Helper;
			sourceTree = "<group>";
		};
		779B885626BD190200FB06A1 /* View */ = {
			isa = PBXGroup;
			children = (
				779B885726BD192D00FB06A1 /* SettingsTableView.swift */,
				779B885F26BD213D00FB06A1 /* SettingsStaticTableViewCell.swift */,
				779B886326BD3DE200FB06A1 /* SettingsSwitchTableViewCell.swift */,
			);
			path = View;
			sourceTree = "<group>";
		};
		779B885926BD1AE600FB06A1 /* Constant */ = {
			isa = PBXGroup;
			children = (
				779B885A26BD1B0100FB06A1 /* SettingsTableViewConstant.swift */,
				779A46FF26D515020072CE0B /* SettingsSectionTitleConstant.swift */,
				779A46F926D5028D0072CE0B /* SettingsOptionTitleConstant.swift */,
				779A46FD26D50C780072CE0B /* SettingsNotificationConstant.swift */,
			);
			path = Constant;
			sourceTree = "<group>";
		};
		779B885C26BD1E3900FB06A1 /* Model */ = {
			isa = PBXGroup;
			children = (
				779B885D26BD1E9500FB06A1 /* SettingsOption.swift */,
				779B886126BD2B4900FB06A1 /* SettingsSection.swift */,
			);
			path = Model;
			sourceTree = "<group>";
		};
		77A9758626B3EE7400E150CA /* Constants */ = {
			isa = PBXGroup;
			children = (
				77A9758726B3EEC700E150CA /* SearchConstants.swift */,
			);
			path = Constants;
			sourceTree = "<group>";
		};
		77A9758926B3F75A00E150CA /* Extension */ = {
			isa = PBXGroup;
			children = (
			);
			path = Extension;
			sourceTree = "<group>";
		};
		77CB234826B166B200023934 /* RecentSearchedCompany */ = {
			isa = PBXGroup;
			children = (
				77CB234326B1664100023934 /* RecentSearchedCompany+CoreDataClass.swift */,
				77CB234426B1664100023934 /* RecentSearchedCompany+CoreDataProperties.swift */,
			);
			path = RecentSearchedCompany;
			sourceTree = "<group>";
		};
		77CBB6B626B9271300CCD0A6 /* Watchlist */ = {
			isa = PBXGroup;
			children = (
				77CBB6B726B9272900CCD0A6 /* ViewController */,
				77CBB6BA26B92B4C00CCD0A6 /* View */,
				7760164626B977EF00BA7C41 /* Model */,
				7760164A26B98E3800BA7C41 /* Constant */,
				77FBC8C026C557A900C35E9C /* Helper */,
			);
			path = Watchlist;
			sourceTree = "<group>";
		};
		77CBB6B726B9272900CCD0A6 /* ViewController */ = {
			isa = PBXGroup;
			children = (
				77CBB6B826B9276300CCD0A6 /* WatchlistViewController.swift */,
				776F657B26BBEF2D00CAA5A6 /* EditWatchlistViewController.swift */,
			);
			path = ViewController;
			sourceTree = "<group>";
		};
		77CBB6BA26B92B4C00CCD0A6 /* View */ = {
			isa = PBXGroup;
			children = (
				77CBB6BB26B92BA500CCD0A6 /* WatchlistTableView.swift */,
				77CBB6BD26B9355A00CCD0A6 /* WatchlistTableViewCell.swift */,
				776F657D26BBF15900CAA5A6 /* EditWatchlistTableView.swift */,
			);
			path = View;
			sourceTree = "<group>";
		};
		77CD33FC26E39DAD00950F2A /* Constant */ = {
			isa = PBXGroup;
			children = (
				77CD33FD26E39DBE00950F2A /* NewDetailViewConstant.swift */,
				77C82A2F26E4E6E800768FDB /* DetailViewReadMoreURLs.swift */,
				772845AA26E615FA0003F13E /* DetailViewNewsURLs.swift */,
			);
			path = Constant;
			sourceTree = "<group>";
		};
		77EF139626DF8B6200EDFC17 /* Model */ = {
			isa = PBXGroup;
			children = (
			);
			name = Model;
			sourceTree = "<group>";
		};
		77EF139726DF919400EDFC17 /* Model */ = {
			isa = PBXGroup;
			children = (
				7765434026EF3BFD00E91C25 /* APIModel */,
				77CD33FC26E39DAD00950F2A /* Constant */,
				7748988226E0D598000933A6 /* DetailViewAPIFunction.swift */,
				772845A826E613210003F13E /* NewsViewModel.swift */,
				77876E97264D69B300798106 /* RSSFeedParser.swift */,
				77E7B3FC26E7AA56000EABC6 /* ChartDataEntryData.swift */,
			);
			path = Model;
			sourceTree = "<group>";
		};
		77F9335F261A2BA1007662D5 /* Extensions */ = {
			isa = PBXGroup;
			children = (
				77F93360261A321F007662D5 /* DateExtension.swift */,
				77F93364261A3251007662D5 /* DoubleExtension.swift */,
				77F93367261A3271007662D5 /* UINavigationItemExtension.swift */,
				77C4BD87261CB8D400B8C748 /* ColourExtension.swift */,
				772C3F692627457C0044001B /* UITableViewExtension.swift */,
				77CF843126316DB2009A5E21 /* UIAlertControllerExtension.swift */,
				77876E91264D5CA400798106 /* NSRegularExpressionExtension.swift */,
				77876E95264D5FE700798106 /* StringExtension.swift */,
				77CAA2E526679043003A0246 /* UserDefaults+.swift */,
			);
			path = Extensions;
			sourceTree = "<group>";
		};
		77FBC8C026C557A900C35E9C /* Helper */ = {
			isa = PBXGroup;
			children = (
				77FBC8C126C557E500C35E9C /* WatchlistSync.swift */,
			);
			path = Helper;
			sourceTree = "<group>";
		};
		77FBC8C326C55DC000C35E9C /* Extension */ = {
			isa = PBXGroup;
			children = (
			);
			path = Extension;
			sourceTree = "<group>";
		};
		C6A17D5492E623A9D1FC58BD /* Frameworks */ = {
			isa = PBXGroup;
			children = (
				D4FDABEC850381C29B4A9FCA /* Pods_RiverFort.framework */,
			);
			name = Frameworks;
			sourceTree = "<group>";
		};
/* End PBXGroup section */

/* Begin PBXNativeTarget section */
		773A0B5E26171238002B9875 /* RiverFort */ = {
			isa = PBXNativeTarget;
			buildConfigurationList = 773A0B732617123B002B9875 /* Build configuration list for PBXNativeTarget "RiverFort" */;
			buildPhases = (
				722679F9C4C7F3AF7716013B /* [CP] Check Pods Manifest.lock */,
				773A0B5B26171238002B9875 /* Sources */,
				773A0B5C26171238002B9875 /* Frameworks */,
				773A0B5D26171238002B9875 /* Resources */,
				A714A3BD32794811D04C777A /* [CP] Embed Pods Frameworks */,
			);
			buildRules = (
			);
			dependencies = (
			);
			name = RiverFort;
			packageProductDependencies = (
			);
			productName = RiverFort;
			productReference = 773A0B5F26171238002B9875 /* RiverFort.app */;
			productType = "com.apple.product-type.application";
		};
/* End PBXNativeTarget section */

/* Begin PBXProject section */
		773A0B5726171238002B9875 /* Project object */ = {
			isa = PBXProject;
			attributes = {
				LastSwiftUpdateCheck = 1240;
				LastUpgradeCheck = 1240;
				TargetAttributes = {
					773A0B5E26171238002B9875 = {
						CreatedOnToolsVersion = 12.4;
						LastSwiftMigration = 1250;
					};
				};
			};
			buildConfigurationList = 773A0B5A26171238002B9875 /* Build configuration list for PBXProject "RiverFort" */;
			compatibilityVersion = "Xcode 9.3";
			developmentRegion = en;
			hasScannedForEncodings = 0;
			knownRegions = (
				en,
				Base,
			);
			mainGroup = 773A0B5626171238002B9875;
			packageReferences = (
			);
			productRefGroup = 773A0B6026171238002B9875 /* Products */;
			projectDirPath = "";
			projectRoot = "";
			targets = (
				773A0B5E26171238002B9875 /* RiverFort */,
			);
		};
/* End PBXProject section */

/* Begin PBXResourcesBuildPhase section */
		773A0B5D26171238002B9875 /* Resources */ = {
			isa = PBXResourcesBuildPhase;
			buildActionMask = 2147483647;
			files = (
				773A0B6F2617123B002B9875 /* LaunchScreen.storyboard in Resources */,
				773A0B6C2617123B002B9875 /* Assets.xcassets in Resources */,
			);
			runOnlyForDeploymentPostprocessing = 0;
		};
/* End PBXResourcesBuildPhase section */

/* Begin PBXShellScriptBuildPhase section */
		722679F9C4C7F3AF7716013B /* [CP] Check Pods Manifest.lock */ = {
			isa = PBXShellScriptBuildPhase;
			buildActionMask = 2147483647;
			files = (
			);
			inputFileListPaths = (
			);
			inputPaths = (
				"${PODS_PODFILE_DIR_PATH}/Podfile.lock",
				"${PODS_ROOT}/Manifest.lock",
			);
			name = "[CP] Check Pods Manifest.lock";
			outputFileListPaths = (
			);
			outputPaths = (
				"$(DERIVED_FILE_DIR)/Pods-RiverFort-checkManifestLockResult.txt",
			);
			runOnlyForDeploymentPostprocessing = 0;
			shellPath = /bin/sh;
			shellScript = "diff \"${PODS_PODFILE_DIR_PATH}/Podfile.lock\" \"${PODS_ROOT}/Manifest.lock\" > /dev/null\nif [ $? != 0 ] ; then\n    # print error to STDERR\n    echo \"error: The sandbox is not in sync with the Podfile.lock. Run 'pod install' or update your CocoaPods installation.\" >&2\n    exit 1\nfi\n# This output is used by Xcode 'outputs' to avoid re-running this script phase.\necho \"SUCCESS\" > \"${SCRIPT_OUTPUT_FILE_0}\"\n";
			showEnvVarsInLog = 0;
		};
		A714A3BD32794811D04C777A /* [CP] Embed Pods Frameworks */ = {
			isa = PBXShellScriptBuildPhase;
			buildActionMask = 2147483647;
			files = (
			);
			inputFileListPaths = (
				"${PODS_ROOT}/Target Support Files/Pods-RiverFort/Pods-RiverFort-frameworks-${CONFIGURATION}-input-files.xcfilelist",
			);
			name = "[CP] Embed Pods Frameworks";
			outputFileListPaths = (
				"${PODS_ROOT}/Target Support Files/Pods-RiverFort/Pods-RiverFort-frameworks-${CONFIGURATION}-output-files.xcfilelist",
			);
			runOnlyForDeploymentPostprocessing = 0;
			shellPath = /bin/sh;
			shellScript = "\"${PODS_ROOT}/Target Support Files/Pods-RiverFort/Pods-RiverFort-frameworks.sh\"\n";
			showEnvVarsInLog = 0;
		};
/* End PBXShellScriptBuildPhase section */

/* Begin PBXSourcesBuildPhase section */
		773A0B5B26171238002B9875 /* Sources */ = {
			isa = PBXSourcesBuildPhase;
			buildActionMask = 2147483647;
			files = (
				773131BF26DCFE5D0068AAD8 /* SearchV2ResultCell.swift in Sources */,
				77E7E6AA26206667003323DA /* ChartColours.swift in Sources */,
				7793E87E261F53DE00D8D3FA /* CompanyAdtv60.swift in Sources */,
				77876E98264D69B300798106 /* RSSFeedParser.swift in Sources */,
				779A46FA26D5028D0072CE0B /* SettingsOptionTitleConstant.swift in Sources */,
				7785EF2B26AAA22300AEB5FE /* FMPStockTickerSearch.swift in Sources */,
				776F658526BC36C600CAA5A6 /* SettingsViewController.swift in Sources */,
				7720570626DE6E8300063A9A /* NewCompanyDetailViewController.swift in Sources */,
				771D16AE263989C10034193A /* AppVersion.swift in Sources */,
				77FBC8C226C557E500C35E9C /* WatchlistSync.swift in Sources */,
				776A913526E3B5E50012D0D5 /* NewProfileCardController.swift in Sources */,
				7774DBED264BF451002752B4 /* NewSymbolRequest.swift in Sources */,
				7785EF2D26AAA24500AEB5FE /* SearchResultCell.swift in Sources */,
				770B22AF26EB8D6400731C58 /* NewADTVMarker.swift in Sources */,
				779B886226BD2B4900FB06A1 /* SettingsSection.swift in Sources */,
				775DFDA92645849400D9A4AF /* Quote.swift in Sources */,
				7796865826E6102C002A9980 /* NewsCardController.swift in Sources */,
				779B886426BD3DE200FB06A1 /* SettingsSwitchTableViewCell.swift in Sources */,
				773A0BAD261726B2002B9875 /* CompanyDetail.swift in Sources */,
				77C4BD88261CB8D500B8C748 /* ColourExtension.swift in Sources */,
				77F93361261A321F007662D5 /* DateExtension.swift in Sources */,
				7707A46E26E9EBDC00329CB0 /* Configuration.swift in Sources */,
				773A0BBA26172872002B9875 /* Constants.swift in Sources */,
				7707A46B26E9EAAB00329CB0 /* NewCompanyDetailViewController+BarButtonItem.swift in Sources */,
				77950FD42644270C002AC408 /* SymbolProfile.swift in Sources */,
				77CF843226316DB2009A5E21 /* UIAlertControllerExtension.swift in Sources */,
				775DFDA72645440E00D9A4AF /* QuotesCardController.swift in Sources */,
				77876E92264D5CA400798106 /* NSRegularExpressionExtension.swift in Sources */,
				7748987A26E0C229000933A6 /* TemplateCardController.swift in Sources */,
				773131BC26DCF87B0068AAD8 /* SearchResultV2TableViewController.swift in Sources */,
				77FF535B26E12826001FAACA /* OHLCCardController.swift in Sources */,
				77CB234626B1664100023934 /* RecentSearchedCompany+CoreDataProperties.swift in Sources */,
				771263C626A95CAC00B57C04 /* SearchViewController.swift in Sources */,
				7765434226EF3C3800E91C25 /* YahooFinance.swift in Sources */,
				776D13C3261E087500B9CF97 /* HomeViewController.swift in Sources */,
				7748988726E0E454000933A6 /* NewADTVChartCardController.swift in Sources */,
				7789A82B266A30B300B71294 /* ADTVChartCardPartView.swift in Sources */,
				779AFC282657B216008373C0 /* PriceChartCardPartView.swift in Sources */,
				773A86F0263C34A9008105A1 /* PrivacyPolicyViewController.swift in Sources */,
				77E7B3FB26E7838F000EABC6 /* HistPriceMarker.swift in Sources */,
				77814CD426469CE3008C832C /* ADTVCardController.swift in Sources */,
				77A9758826B3EEC700E150CA /* SearchConstants.swift in Sources */,
				7785D7842630142600988C28 /* WatchedCompany+CoreDataClass.swift in Sources */,
				773A0BB3261726E6002B9875 /* CompanyAdtv20.swift in Sources */,
				772A747526DF93890088A604 /* HeaderCardController.swift in Sources */,
				7765434426EF3C5700E91C25 /* FMP.swift in Sources */,
				779B885E26BD1E9600FB06A1 /* SettingsOption.swift in Sources */,
				773131BA26DCEC710068AAD8 /* SearchV2ViewController.swift in Sources */,
				7748988326E0D598000933A6 /* DetailViewAPIFunction.swift in Sources */,
				772845A926E613210003F13E /* NewsViewModel.swift in Sources */,
				779B885826BD192D00FB06A1 /* SettingsTableView.swift in Sources */,
				7762C77226BAE258008DE1BA /* NumberShortScale.swift in Sources */,
				779A46F426D4EE740072CE0B /* UIDevice+modelName.swift in Sources */,
				77420217264AA033002F6104 /* UIScrollView+EmptyDataSet.m in Sources */,
				77E7B3FD26E7AA56000EABC6 /* ChartDataEntryData.swift in Sources */,
				7748988126E0CF9B000933A6 /* SearchAPIFunction.swift in Sources */,
				7789470626AEF1C2005FDED7 /* ProgressViewController.swift in Sources */,
				773A0B6326171238002B9875 /* AppDelegate.swift in Sources */,
				772C3F6A2627457C0044001B /* UITableViewExtension.swift in Sources */,
				773A0B6526171238002B9875 /* SceneDelegate.swift in Sources */,
				779A46FE26D50C780072CE0B /* SettingsNotificationConstant.swift in Sources */,
				77CAA2E626679043003A0246 /* UserDefaults+.swift in Sources */,
				7748988526E0E235000933A6 /* NewADTVChartCardPartView.swift in Sources */,
				77887D1426E12C210016192D /* NewAADTVCardController.swift in Sources */,
				7791881226E0E7FE005B7D38 /* NewADTVCardController.swift in Sources */,
				77E763F126E75FE5005AED84 /* TimeseriesCardPartView.swift in Sources */,
				77CBB6BE26B9355A00CCD0A6 /* WatchlistTableViewCell.swift in Sources */,
				779A470026D515020072CE0B /* SettingsSectionTitleConstant.swift in Sources */,
				77876E96264D5FE700798106 /* StringExtension.swift in Sources */,
				77CBB6B926B9276300CCD0A6 /* WatchlistViewController.swift in Sources */,
				77E763EF26E75D76005AED84 /* TimeseriesCardController.swift in Sources */,
				77F93365261A3251007662D5 /* DoubleExtension.swift in Sources */,
				772E63DE26E224AF00EA9FB0 /* NewSearchConstant.swift in Sources */,
				77CD33FE26E39DBE00950F2A /* NewDetailViewConstant.swift in Sources */,
				774DB74C2623144900A92D13 /* RiverFort.xcdatamodeld in Sources */,
				77E763F326E76488005AED84 /* TransparentTemplateCardController.swift in Sources */,
				77DAF9CD26B05853008662E0 /* RecentSearchTableView.swift in Sources */,
				77CBB6BC26B92BA500CCD0A6 /* WatchlistTableView.swift in Sources */,
				7728847B265B962F001C0D4F /* FeedsViewModel.swift in Sources */,
				776F657E26BBF15900CAA5A6 /* EditWatchlistTableView.swift in Sources */,
				779A46F826D4F6210072CE0B /* NotificationHelper.swift in Sources */,
				77C82A3026E4E6E800768FDB /* DetailViewReadMoreURLs.swift in Sources */,
				77F93372261A3675007662D5 /* DateFormatterUtils.swift in Sources */,
				7760164C26B98E9700BA7C41 /* WatchlistConstant.swift in Sources */,
				776F657C26BBEF2D00CAA5A6 /* EditWatchlistViewController.swift in Sources */,
				779A46FC26D508AA0072CE0B /* LogGenerator.swift in Sources */,
				771263CC26A97EED00B57C04 /* SearchResultTableViewController.swift in Sources */,
				7748987E26E0C3E7000933A6 /* NewPriceChartCardPartView.swift in Sources */,
				779B885B26BD1B0100FB06A1 /* SettingsTableViewConstant.swift in Sources */,
				771E328126D6525E002CC604 /* AcknowledgementsViewController.swift in Sources */,
				77A147B02642BD1600EE8535 /* CompanyDetailViewController.swift in Sources */,
				7785D7852630142600988C28 /* WatchedCompany+CoreDataProperties.swift in Sources */,
				776F658126BBFF7900CAA5A6 /* PersistentContainer.swift in Sources */,
				77876E90264D484700798106 /* FeedsCardController.swift in Sources */,
				77950FCE2643EA4B002AC408 /* ChartCardController.swift in Sources */,
				776F657A26BBDB6400CAA5A6 /* WindowInterfaceOrientation.swift in Sources */,
				77CB234526B1664100023934 /* RecentSearchedCompany+CoreDataClass.swift in Sources */,
				77950FD626443A79002AC408 /* ProfileCardController.swift in Sources */,
				773A0BAA26172690002B9875 /* Company.swift in Sources */,
				7760164926B984C100BA7C41 /* WatchedCompanyDetail.swift in Sources */,
				77876E94264D5D6700798106 /* Regex.swift in Sources */,
				779B886026BD213D00FB06A1 /* SettingsStaticTableViewCell.swift in Sources */,
				77F93368261A3271007662D5 /* UINavigationItemExtension.swift in Sources */,
				77950FC82643DBEB002AC408 /* QuotesCardPartView.swift in Sources */,
				779A46F626D4EFE10072CE0B /* UIApplication+AppVersion.swift in Sources */,
				772845AB26E615FA0003F13E /* DetailViewNewsURLs.swift in Sources */,
				773A0BB0261726C7002B9875 /* CompanyTrading.swift in Sources */,
				7796865626E5F963002A9980 /* StatisticsCardController.swift in Sources */,
				773A0BA726172670002B9875 /* APIFunctions.swift in Sources */,
				77814CD626469D6B008C832C /* ADTV.swift in Sources */,
				773A0BCB26176C8F002B9875 /* Currency.swift in Sources */,
				7748987C26E0C396000933A6 /* NewPriceChartCardController.swift in Sources */,
				77C4BD85261CAF9100B8C748 /* HapticsManager.swift in Sources */,
			);
			runOnlyForDeploymentPostprocessing = 0;
		};
/* End PBXSourcesBuildPhase section */

/* Begin PBXVariantGroup section */
		773A0B6D2617123B002B9875 /* LaunchScreen.storyboard */ = {
			isa = PBXVariantGroup;
			children = (
				773A0B6E2617123B002B9875 /* Base */,
			);
			name = LaunchScreen.storyboard;
			sourceTree = "<group>";
		};
/* End PBXVariantGroup section */

/* Begin XCBuildConfiguration section */
		773A0B712617123B002B9875 /* Debug */ = {
			isa = XCBuildConfiguration;
			buildSettings = {
				ALWAYS_SEARCH_USER_PATHS = NO;
				CLANG_ANALYZER_NONNULL = YES;
				CLANG_ANALYZER_NUMBER_OBJECT_CONVERSION = YES_AGGRESSIVE;
				CLANG_CXX_LANGUAGE_STANDARD = "gnu++14";
				CLANG_CXX_LIBRARY = "libc++";
				CLANG_ENABLE_MODULES = YES;
				CLANG_ENABLE_OBJC_ARC = YES;
				CLANG_ENABLE_OBJC_WEAK = YES;
				CLANG_WARN_BLOCK_CAPTURE_AUTORELEASING = YES;
				CLANG_WARN_BOOL_CONVERSION = YES;
				CLANG_WARN_COMMA = YES;
				CLANG_WARN_CONSTANT_CONVERSION = YES;
				CLANG_WARN_DEPRECATED_OBJC_IMPLEMENTATIONS = YES;
				CLANG_WARN_DIRECT_OBJC_ISA_USAGE = YES_ERROR;
				CLANG_WARN_DOCUMENTATION_COMMENTS = YES;
				CLANG_WARN_EMPTY_BODY = YES;
				CLANG_WARN_ENUM_CONVERSION = YES;
				CLANG_WARN_INFINITE_RECURSION = YES;
				CLANG_WARN_INT_CONVERSION = YES;
				CLANG_WARN_NON_LITERAL_NULL_CONVERSION = YES;
				CLANG_WARN_OBJC_IMPLICIT_RETAIN_SELF = YES;
				CLANG_WARN_OBJC_LITERAL_CONVERSION = YES;
				CLANG_WARN_OBJC_ROOT_CLASS = YES_ERROR;
				CLANG_WARN_QUOTED_INCLUDE_IN_FRAMEWORK_HEADER = YES;
				CLANG_WARN_RANGE_LOOP_ANALYSIS = YES;
				CLANG_WARN_STRICT_PROTOTYPES = YES;
				CLANG_WARN_SUSPICIOUS_MOVE = YES;
				CLANG_WARN_UNGUARDED_AVAILABILITY = YES_AGGRESSIVE;
				CLANG_WARN_UNREACHABLE_CODE = YES;
				CLANG_WARN__DUPLICATE_METHOD_MATCH = YES;
				CODE_SIGN_IDENTITY = "Apple Development";
				CODE_SIGN_STYLE = Automatic;
				COPY_PHASE_STRIP = NO;
				DEBUG_INFORMATION_FORMAT = dwarf;
				ENABLE_STRICT_OBJC_MSGSEND = YES;
				ENABLE_TESTABILITY = YES;
				GCC_C_LANGUAGE_STANDARD = gnu11;
				GCC_DYNAMIC_NO_PIC = NO;
				GCC_NO_COMMON_BLOCKS = YES;
				GCC_OPTIMIZATION_LEVEL = 0;
				GCC_PREPROCESSOR_DEFINITIONS = (
					"DEBUG=1",
					"$(inherited)",
				);
				GCC_WARN_64_TO_32_BIT_CONVERSION = YES;
				GCC_WARN_ABOUT_RETURN_TYPE = YES_ERROR;
				GCC_WARN_UNDECLARED_SELECTOR = YES;
				GCC_WARN_UNINITIALIZED_AUTOS = YES_AGGRESSIVE;
				GCC_WARN_UNUSED_FUNCTION = YES;
				GCC_WARN_UNUSED_VARIABLE = YES;
				IPHONEOS_DEPLOYMENT_TARGET = 14.3;
				MTL_ENABLE_DEBUG_INFO = INCLUDE_SOURCE;
				MTL_FAST_MATH = YES;
				ONLY_ACTIVE_ARCH = YES;
				SDKROOT = iphoneos;
				SWIFT_ACTIVE_COMPILATION_CONDITIONS = DEBUG;
				SWIFT_OPTIMIZATION_LEVEL = "-Onone";
			};
			name = Debug;
		};
		773A0B722617123B002B9875 /* Release */ = {
			isa = XCBuildConfiguration;
			buildSettings = {
				ALWAYS_SEARCH_USER_PATHS = NO;
				CLANG_ANALYZER_NONNULL = YES;
				CLANG_ANALYZER_NUMBER_OBJECT_CONVERSION = YES_AGGRESSIVE;
				CLANG_CXX_LANGUAGE_STANDARD = "gnu++14";
				CLANG_CXX_LIBRARY = "libc++";
				CLANG_ENABLE_MODULES = YES;
				CLANG_ENABLE_OBJC_ARC = YES;
				CLANG_ENABLE_OBJC_WEAK = YES;
				CLANG_WARN_BLOCK_CAPTURE_AUTORELEASING = YES;
				CLANG_WARN_BOOL_CONVERSION = YES;
				CLANG_WARN_COMMA = YES;
				CLANG_WARN_CONSTANT_CONVERSION = YES;
				CLANG_WARN_DEPRECATED_OBJC_IMPLEMENTATIONS = YES;
				CLANG_WARN_DIRECT_OBJC_ISA_USAGE = YES_ERROR;
				CLANG_WARN_DOCUMENTATION_COMMENTS = YES;
				CLANG_WARN_EMPTY_BODY = YES;
				CLANG_WARN_ENUM_CONVERSION = YES;
				CLANG_WARN_INFINITE_RECURSION = YES;
				CLANG_WARN_INT_CONVERSION = YES;
				CLANG_WARN_NON_LITERAL_NULL_CONVERSION = YES;
				CLANG_WARN_OBJC_IMPLICIT_RETAIN_SELF = YES;
				CLANG_WARN_OBJC_LITERAL_CONVERSION = YES;
				CLANG_WARN_OBJC_ROOT_CLASS = YES_ERROR;
				CLANG_WARN_QUOTED_INCLUDE_IN_FRAMEWORK_HEADER = YES;
				CLANG_WARN_RANGE_LOOP_ANALYSIS = YES;
				CLANG_WARN_STRICT_PROTOTYPES = YES;
				CLANG_WARN_SUSPICIOUS_MOVE = YES;
				CLANG_WARN_UNGUARDED_AVAILABILITY = YES_AGGRESSIVE;
				CLANG_WARN_UNREACHABLE_CODE = YES;
				CLANG_WARN__DUPLICATE_METHOD_MATCH = YES;
				CODE_SIGN_IDENTITY = "Apple Development";
				CODE_SIGN_STYLE = Automatic;
				COPY_PHASE_STRIP = NO;
				DEBUG_INFORMATION_FORMAT = "dwarf-with-dsym";
				ENABLE_NS_ASSERTIONS = NO;
				ENABLE_STRICT_OBJC_MSGSEND = YES;
				GCC_C_LANGUAGE_STANDARD = gnu11;
				GCC_NO_COMMON_BLOCKS = YES;
				GCC_WARN_64_TO_32_BIT_CONVERSION = YES;
				GCC_WARN_ABOUT_RETURN_TYPE = YES_ERROR;
				GCC_WARN_UNDECLARED_SELECTOR = YES;
				GCC_WARN_UNINITIALIZED_AUTOS = YES_AGGRESSIVE;
				GCC_WARN_UNUSED_FUNCTION = YES;
				GCC_WARN_UNUSED_VARIABLE = YES;
				IPHONEOS_DEPLOYMENT_TARGET = 14.3;
				MTL_ENABLE_DEBUG_INFO = NO;
				MTL_FAST_MATH = YES;
				SDKROOT = iphoneos;
				SWIFT_COMPILATION_MODE = wholemodule;
				SWIFT_OPTIMIZATION_LEVEL = "-O";
				VALIDATE_PRODUCT = YES;
			};
			name = Release;
		};
		773A0B742617123B002B9875 /* Debug */ = {
			isa = XCBuildConfiguration;
			baseConfigurationReference = BA0BAB84004CD658A66B157B /* Pods-RiverFort.debug.xcconfig */;
			buildSettings = {
				ASSETCATALOG_COMPILER_APPICON_NAME = AppIcon;
				ASSETCATALOG_COMPILER_GLOBAL_ACCENT_COLOR_NAME = AccentColor;
				CLANG_ENABLE_MODULES = YES;
				CODE_SIGN_ENTITLEMENTS = RiverFort/RiverFort.entitlements;
				CODE_SIGN_IDENTITY = "Apple Development";
				CODE_SIGN_INJECT_BASE_ENTITLEMENTS = YES;
				CODE_SIGN_STYLE = Automatic;
				CURRENT_PROJECT_VERSION = 3;
				DEVELOPMENT_TEAM = A8X2W38P62;
				INFOPLIST_FILE = RiverFort/Info.plist;
				LD_RUNPATH_SEARCH_PATHS = (
					"$(inherited)",
					"@executable_path/Frameworks",
				);
				MARKETING_VERSION = 1.1.3;
				PRODUCT_BUNDLE_IDENTIFIER = com.RiverFort;
				PRODUCT_NAME = "$(TARGET_NAME)";
				PROVISIONING_PROFILE_SPECIFIER = "";
				SWIFT_OBJC_BRIDGING_HEADER = "RiverFort/Helpers/RiverFort-Bridging-Header.h";
				SWIFT_OPTIMIZATION_LEVEL = "-Onone";
				SWIFT_VERSION = 5.0;
				TARGETED_DEVICE_FAMILY = "1,2";
			};
			name = Debug;
		};
		773A0B752617123B002B9875 /* Release */ = {
			isa = XCBuildConfiguration;
			baseConfigurationReference = 69D13D5B19688F922B9BB9AD /* Pods-RiverFort.release.xcconfig */;
			buildSettings = {
				ASSETCATALOG_COMPILER_APPICON_NAME = AppIcon;
				ASSETCATALOG_COMPILER_GLOBAL_ACCENT_COLOR_NAME = AccentColor;
				CLANG_ENABLE_MODULES = YES;
				CODE_SIGN_ENTITLEMENTS = RiverFort/RiverFort.entitlements;
				CODE_SIGN_IDENTITY = "Apple Development";
				CODE_SIGN_INJECT_BASE_ENTITLEMENTS = YES;
				CODE_SIGN_STYLE = Automatic;
				CURRENT_PROJECT_VERSION = 3;
				DEVELOPMENT_TEAM = A8X2W38P62;
				INFOPLIST_FILE = RiverFort/Info.plist;
				LD_RUNPATH_SEARCH_PATHS = (
					"$(inherited)",
					"@executable_path/Frameworks",
				);
				MARKETING_VERSION = 1.1.3;
				PRODUCT_BUNDLE_IDENTIFIER = com.RiverFort;
				PRODUCT_NAME = "$(TARGET_NAME)";
				PROVISIONING_PROFILE_SPECIFIER = "";
				SWIFT_OBJC_BRIDGING_HEADER = "RiverFort/Helpers/RiverFort-Bridging-Header.h";
				SWIFT_VERSION = 5.0;
				TARGETED_DEVICE_FAMILY = "1,2";
			};
			name = Release;
		};
/* End XCBuildConfiguration section */

/* Begin XCConfigurationList section */
		773A0B5A26171238002B9875 /* Build configuration list for PBXProject "RiverFort" */ = {
			isa = XCConfigurationList;
			buildConfigurations = (
				773A0B712617123B002B9875 /* Debug */,
				773A0B722617123B002B9875 /* Release */,
			);
			defaultConfigurationIsVisible = 0;
			defaultConfigurationName = Release;
		};
		773A0B732617123B002B9875 /* Build configuration list for PBXNativeTarget "RiverFort" */ = {
			isa = XCConfigurationList;
			buildConfigurations = (
				773A0B742617123B002B9875 /* Debug */,
				773A0B752617123B002B9875 /* Release */,
			);
			defaultConfigurationIsVisible = 0;
			defaultConfigurationName = Release;
		};
/* End XCConfigurationList section */

/* Begin XCVersionGroup section */
		774DB74A2623144900A92D13 /* RiverFort.xcdatamodeld */ = {
			isa = XCVersionGroup;
			children = (
				774DB74B2623144900A92D13 /* RiverFort.xcdatamodel */,
			);
			currentVersion = 774DB74B2623144900A92D13 /* RiverFort.xcdatamodel */;
			path = RiverFort.xcdatamodeld;
			sourceTree = "<group>";
			versionGroupType = wrapper.xcdatamodel;
		};
/* End XCVersionGroup section */
	};
	rootObject = 773A0B5726171238002B9875 /* Project object */;
}
